// !$*UTF8*$!
{
	archiveVersion = 1;
	classes = {
	};
	objectVersion = 55;
	objects = {

/* Begin PBXBuildFile section */
		96011A0627696CDC0008DD11 /* AuthFoundation in Frameworks */ = {isa = PBXBuildFile; productRef = 96011A0527696CDC0008DD11 /* AuthFoundation */; };
		96011A0827696CDC0008DD11 /* OktaOAuth2 in Frameworks */ = {isa = PBXBuildFile; productRef = 96011A0727696CDC0008DD11 /* OktaOAuth2 */; };
		9617AD50276914BE00D74E7E /* AppDelegate.swift in Sources */ = {isa = PBXBuildFile; fileRef = 9617AD4F276914BE00D74E7E /* AppDelegate.swift */; };
		9617AD52276914BE00D74E7E /* ViewController.swift in Sources */ = {isa = PBXBuildFile; fileRef = 9617AD51276914BE00D74E7E /* ViewController.swift */; };
		9617AD55276914BE00D74E7E /* Main.storyboard in Resources */ = {isa = PBXBuildFile; fileRef = 9617AD53276914BE00D74E7E /* Main.storyboard */; };
		9617AD57276914C200D74E7E /* Assets.xcassets in Resources */ = {isa = PBXBuildFile; fileRef = 9617AD56276914C200D74E7E /* Assets.xcassets */; };
		9617AD5A276914C200D74E7E /* LaunchScreen.storyboard in Resources */ = {isa = PBXBuildFile; fileRef = 9617AD58276914C200D74E7E /* LaunchScreen.storyboard */; };
		9617AD6E276914C200D74E7E /* DeviceSignInTests.swift in Sources */ = {isa = PBXBuildFile; fileRef = 9617AD6D276914C200D74E7E /* DeviceSignInTests.swift */; };
		966C2F2D29FAFD3700E85C0D /* Screen+Extensions.swift in Sources */ = {isa = PBXBuildFile; fileRef = 966C2F2C29FAFD3700E85C0D /* Screen+Extensions.swift */; };
		96E98AD0282AD24E00CE251E /* XCTest+Extensions.swift in Sources */ = {isa = PBXBuildFile; fileRef = 96E98AC5282AD24E00CE251E /* XCTest+Extensions.swift */; };
		96E98AD2282AD24E00CE251E /* Screen.swift in Sources */ = {isa = PBXBuildFile; fileRef = 96E98AC7282AD24E00CE251E /* Screen.swift */; };
		96E98AD8282AD36E00CE251E /* TokenDetailViewController.swift in Sources */ = {isa = PBXBuildFile; fileRef = 96E98ACD282AD24E00CE251E /* TokenDetailViewController.swift */; };
		96E98AD9282AD36E00CE251E /* ProfileTableViewController.swift in Sources */ = {isa = PBXBuildFile; fileRef = 96E98ACC282AD24E00CE251E /* ProfileTableViewController.swift */; };
		96E98ADB282AD3E300CE251E /* Profile-tvOS.storyboard in Resources */ = {isa = PBXBuildFile; fileRef = 96E98ADA282AD3E300CE251E /* Profile-tvOS.storyboard */; };
		96E98ADC282AD50000CE251E /* DeviceCodeScreen.swift in Sources */ = {isa = PBXBuildFile; fileRef = 96E98AC1282AD20B00CE251E /* DeviceCodeScreen.swift */; };
		96E98AEA282B44DE00CE251E /* AppDelegate.swift in Sources */ = {isa = PBXBuildFile; fileRef = 96E98AE9282B44DE00CE251E /* AppDelegate.swift */; };
		96E98AEC282B44DE00CE251E /* SceneDelegate.swift in Sources */ = {isa = PBXBuildFile; fileRef = 96E98AEB282B44DE00CE251E /* SceneDelegate.swift */; };
		96E98AEE282B44DE00CE251E /* ViewController+iOSExtension.swift in Sources */ = {isa = PBXBuildFile; fileRef = 96E98AED282B44DE00CE251E /* ViewController+iOSExtension.swift */; };
		96E98AF3282B44E000CE251E /* Assets.xcassets in Resources */ = {isa = PBXBuildFile; fileRef = 96E98AF2282B44E000CE251E /* Assets.xcassets */; };
		96E98AF6282B44E000CE251E /* LaunchScreen.storyboard in Resources */ = {isa = PBXBuildFile; fileRef = 96E98AF4282B44E000CE251E /* LaunchScreen.storyboard */; };
		96E98AFD282C18B600CE251E /* ViewController.swift in Sources */ = {isa = PBXBuildFile; fileRef = 9617AD51276914BE00D74E7E /* ViewController.swift */; };
		96E98AFF282C2EC300CE251E /* AuthFoundation in Frameworks */ = {isa = PBXBuildFile; productRef = 96E98AFE282C2EC300CE251E /* AuthFoundation */; };
		96E98B01282C2EC300CE251E /* OktaOAuth2 in Frameworks */ = {isa = PBXBuildFile; productRef = 96E98B00282C2EC300CE251E /* OktaOAuth2 */; };
		96E98B02282C2ED800CE251E /* Main.storyboard in Resources */ = {isa = PBXBuildFile; fileRef = 96E98AFB282B475700CE251E /* Main.storyboard */; };
		96E98B04282C302C00CE251E /* Profile.storyboard in Resources */ = {isa = PBXBuildFile; fileRef = 96E98B03282C302C00CE251E /* Profile.storyboard */; };
		96E98B05282C32A300CE251E /* ProfileTableViewController.swift in Sources */ = {isa = PBXBuildFile; fileRef = 96E98ACC282AD24E00CE251E /* ProfileTableViewController.swift */; };
		96E98B06282C32A300CE251E /* TokenDetailViewController.swift in Sources */ = {isa = PBXBuildFile; fileRef = 96E98ACD282AD24E00CE251E /* TokenDetailViewController.swift */; };
		96E98B09282C32BE00CE251E /* Keychain+Token.swift in Sources */ = {isa = PBXBuildFile; fileRef = 96E98B08282C32BE00CE251E /* Keychain+Token.swift */; };
		96E98B0B282C3E1900CE251E /* WebAuthenticationUI in Frameworks */ = {isa = PBXBuildFile; productRef = 96E98B0A282C3E1900CE251E /* WebAuthenticationUI */; };
		96E98B13282C3F6600CE251E /* DeviceSignInTests.swift in Sources */ = {isa = PBXBuildFile; fileRef = 96E98B12282C3F6600CE251E /* DeviceSignInTests.swift */; };
		96E98B1E282C5F8900CE251E /* DeviceCodeScreen.swift in Sources */ = {isa = PBXBuildFile; fileRef = 96E98B1D282C5F4900CE251E /* DeviceCodeScreen.swift */; };
		96E98B1F282C5FB700CE251E /* Screen.swift in Sources */ = {isa = PBXBuildFile; fileRef = 96E98AC7282AD24E00CE251E /* Screen.swift */; };
		96E98B20282C5FB700CE251E /* XCTest+Extensions.swift in Sources */ = {isa = PBXBuildFile; fileRef = 96E98AC5282AD24E00CE251E /* XCTest+Extensions.swift */; };
		96E98B22282C61C300CE251E /* BrowserSignInScreen.swift in Sources */ = {isa = PBXBuildFile; fileRef = 96E98B21282C61C300CE251E /* BrowserSignInScreen.swift */; };
		96E98B25282C742000CE251E /* ProfileScreen.swift in Sources */ = {isa = PBXBuildFile; fileRef = 96E98B24282C742000CE251E /* ProfileScreen.swift */; };
/* End PBXBuildFile section */

/* Begin PBXContainerItemProxy section */
		9617AD6A276914C200D74E7E /* PBXContainerItemProxy */ = {
			isa = PBXContainerItemProxy;
			containerPortal = 9617AD44276914BE00D74E7E /* Project object */;
			proxyType = 1;
			remoteGlobalIDString = 9617AD4B276914BE00D74E7E;
			remoteInfo = DeviceAuthSignIn;
		};
		96E98B16282C3F6600CE251E /* PBXContainerItemProxy */ = {
			isa = PBXContainerItemProxy;
			containerPortal = 9617AD44276914BE00D74E7E /* Project object */;
			proxyType = 1;
			remoteGlobalIDString = 96E98AE6282B44DE00CE251E;
			remoteInfo = "DeviceAuthSignIn (iOS)";
		};
/* End PBXContainerItemProxy section */

/* Begin PBXFileReference section */
		96011A122784CB860008DD11 /* SampleCode.xcconfig */ = {isa = PBXFileReference; fileEncoding = 4; lastKnownFileType = text.xcconfig; name = SampleCode.xcconfig; path = ../Shared/SampleCode.xcconfig; sourceTree = "<group>"; };
		9617AD4C276914BE00D74E7E /* Device Auth Sign In.app */ = {isa = PBXFileReference; explicitFileType = wrapper.application; includeInIndex = 0; path = "Device Auth Sign In.app"; sourceTree = BUILT_PRODUCTS_DIR; };
		9617AD4F276914BE00D74E7E /* AppDelegate.swift */ = {isa = PBXFileReference; lastKnownFileType = sourcecode.swift; path = AppDelegate.swift; sourceTree = "<group>"; };
		9617AD51276914BE00D74E7E /* ViewController.swift */ = {isa = PBXFileReference; lastKnownFileType = sourcecode.swift; path = ViewController.swift; sourceTree = "<group>"; };
		9617AD54276914BE00D74E7E /* Base */ = {isa = PBXFileReference; lastKnownFileType = file.storyboard; name = Base; path = Base.lproj/Main.storyboard; sourceTree = "<group>"; };
		9617AD56276914C200D74E7E /* Assets.xcassets */ = {isa = PBXFileReference; lastKnownFileType = folder.assetcatalog; path = Assets.xcassets; sourceTree = "<group>"; };
		9617AD59276914C200D74E7E /* Base */ = {isa = PBXFileReference; lastKnownFileType = file.storyboard; name = Base; path = Base.lproj/LaunchScreen.storyboard; sourceTree = "<group>"; };
		9617AD69276914C200D74E7E /* DeviceAuthSignInUITests (tvOS).xctest */ = {isa = PBXFileReference; explicitFileType = wrapper.cfbundle; includeInIndex = 0; path = "DeviceAuthSignInUITests (tvOS).xctest"; sourceTree = BUILT_PRODUCTS_DIR; };
		9617AD6D276914C200D74E7E /* DeviceSignInTests.swift */ = {isa = PBXFileReference; lastKnownFileType = sourcecode.swift; path = DeviceSignInTests.swift; sourceTree = "<group>"; };
		966C2F2C29FAFD3700E85C0D /* Screen+Extensions.swift */ = {isa = PBXFileReference; fileEncoding = 4; lastKnownFileType = sourcecode.swift; path = "Screen+Extensions.swift"; sourceTree = "<group>"; };
		96E98ABF282ACF8900CE251E /* TestConfiguration.xcconfig */ = {isa = PBXFileReference; lastKnownFileType = text.xcconfig; name = TestConfiguration.xcconfig; path = ../Shared/TestConfiguration.xcconfig; sourceTree = "<group>"; };
		96E98AC1282AD20B00CE251E /* DeviceCodeScreen.swift */ = {isa = PBXFileReference; lastKnownFileType = sourcecode.swift; path = DeviceCodeScreen.swift; sourceTree = "<group>"; };
		96E98AC5282AD24E00CE251E /* XCTest+Extensions.swift */ = {isa = PBXFileReference; fileEncoding = 4; lastKnownFileType = sourcecode.swift; path = "XCTest+Extensions.swift"; sourceTree = "<group>"; };
		96E98AC7282AD24E00CE251E /* Screen.swift */ = {isa = PBXFileReference; fileEncoding = 4; lastKnownFileType = sourcecode.swift; path = Screen.swift; sourceTree = "<group>"; };
		96E98ACC282AD24E00CE251E /* ProfileTableViewController.swift */ = {isa = PBXFileReference; fileEncoding = 4; lastKnownFileType = sourcecode.swift; path = ProfileTableViewController.swift; sourceTree = "<group>"; };
		96E98ACD282AD24E00CE251E /* TokenDetailViewController.swift */ = {isa = PBXFileReference; fileEncoding = 4; lastKnownFileType = sourcecode.swift; path = TokenDetailViewController.swift; sourceTree = "<group>"; };
		96E98ADA282AD3E300CE251E /* Profile-tvOS.storyboard */ = {isa = PBXFileReference; fileEncoding = 4; lastKnownFileType = file.storyboard; path = "Profile-tvOS.storyboard"; sourceTree = "<group>"; };
		96E98AE7282B44DE00CE251E /* DeviceAuthSignIn (iOS).app */ = {isa = PBXFileReference; explicitFileType = wrapper.application; includeInIndex = 0; path = "DeviceAuthSignIn (iOS).app"; sourceTree = BUILT_PRODUCTS_DIR; };
		96E98AE9282B44DE00CE251E /* AppDelegate.swift */ = {isa = PBXFileReference; lastKnownFileType = sourcecode.swift; path = AppDelegate.swift; sourceTree = "<group>"; };
		96E98AEB282B44DE00CE251E /* SceneDelegate.swift */ = {isa = PBXFileReference; lastKnownFileType = sourcecode.swift; path = SceneDelegate.swift; sourceTree = "<group>"; };
		96E98AED282B44DE00CE251E /* ViewController+iOSExtension.swift */ = {isa = PBXFileReference; lastKnownFileType = sourcecode.swift; path = "ViewController+iOSExtension.swift"; sourceTree = "<group>"; };
		96E98AF2282B44E000CE251E /* Assets.xcassets */ = {isa = PBXFileReference; lastKnownFileType = folder.assetcatalog; path = Assets.xcassets; sourceTree = "<group>"; };
		96E98AF5282B44E000CE251E /* Base */ = {isa = PBXFileReference; lastKnownFileType = file.storyboard; name = Base; path = Base.lproj/LaunchScreen.storyboard; sourceTree = "<group>"; };
		96E98AF7282B44E000CE251E /* Info.plist */ = {isa = PBXFileReference; lastKnownFileType = text.plist.xml; path = Info.plist; sourceTree = "<group>"; };
		96E98AFC282B475700CE251E /* Base */ = {isa = PBXFileReference; lastKnownFileType = file.storyboard; name = Base; path = Base.lproj/Main.storyboard; sourceTree = "<group>"; };
		96E98B03282C302C00CE251E /* Profile.storyboard */ = {isa = PBXFileReference; fileEncoding = 4; lastKnownFileType = file.storyboard; path = Profile.storyboard; sourceTree = "<group>"; };
		96E98B08282C32BE00CE251E /* Keychain+Token.swift */ = {isa = PBXFileReference; fileEncoding = 4; lastKnownFileType = sourcecode.swift; path = "Keychain+Token.swift"; sourceTree = "<group>"; };
		96E98B10282C3F6600CE251E /* DeviceAuthSignInUITests (iOS).xctest */ = {isa = PBXFileReference; explicitFileType = wrapper.cfbundle; includeInIndex = 0; path = "DeviceAuthSignInUITests (iOS).xctest"; sourceTree = BUILT_PRODUCTS_DIR; };
		96E98B12282C3F6600CE251E /* DeviceSignInTests.swift */ = {isa = PBXFileReference; lastKnownFileType = sourcecode.swift; path = DeviceSignInTests.swift; sourceTree = "<group>"; };
		96E98B1D282C5F4900CE251E /* DeviceCodeScreen.swift */ = {isa = PBXFileReference; lastKnownFileType = sourcecode.swift; path = DeviceCodeScreen.swift; sourceTree = "<group>"; };
		96E98B21282C61C300CE251E /* BrowserSignInScreen.swift */ = {isa = PBXFileReference; lastKnownFileType = sourcecode.swift; path = BrowserSignInScreen.swift; sourceTree = "<group>"; };
		96E98B24282C742000CE251E /* ProfileScreen.swift */ = {isa = PBXFileReference; fileEncoding = 4; lastKnownFileType = sourcecode.swift; path = ProfileScreen.swift; sourceTree = "<group>"; };
/* End PBXFileReference section */

/* Begin PBXFrameworksBuildPhase section */
		9617AD49276914BE00D74E7E /* Frameworks */ = {
			isa = PBXFrameworksBuildPhase;
			buildActionMask = 2147483647;
			files = (
				96011A0827696CDC0008DD11 /* OktaOAuth2 in Frameworks */,
				96011A0627696CDC0008DD11 /* AuthFoundation in Frameworks */,
			);
			runOnlyForDeploymentPostprocessing = 0;
		};
		9617AD66276914C200D74E7E /* Frameworks */ = {
			isa = PBXFrameworksBuildPhase;
			buildActionMask = 2147483647;
			files = (
			);
			runOnlyForDeploymentPostprocessing = 0;
		};
		96E98AE4282B44DE00CE251E /* Frameworks */ = {
			isa = PBXFrameworksBuildPhase;
			buildActionMask = 2147483647;
			files = (
				96E98B0B282C3E1900CE251E /* WebAuthenticationUI in Frameworks */,
				96E98B01282C2EC300CE251E /* OktaOAuth2 in Frameworks */,
				96E98AFF282C2EC300CE251E /* AuthFoundation in Frameworks */,
			);
			runOnlyForDeploymentPostprocessing = 0;
		};
		96E98B0D282C3F6600CE251E /* Frameworks */ = {
			isa = PBXFrameworksBuildPhase;
			buildActionMask = 2147483647;
			files = (
			);
			runOnlyForDeploymentPostprocessing = 0;
		};
/* End PBXFrameworksBuildPhase section */

/* Begin PBXGroup section */
		9223E93727BBCECC00F14A1B /* DeviceAuthSignIn (tvOS) */ = {
			isa = PBXGroup;
			children = (
				9617AD4E276914BE00D74E7E /* DeviceAuthSignIn */,
				96E98AC3282AD24E00CE251E /* Common */,
				9617AD6C276914C200D74E7E /* DeviceAuthSignInUITests */,
			);
			path = "DeviceAuthSignIn (tvOS)";
			sourceTree = "<group>";
		};
		96011A0427696CDC0008DD11 /* Frameworks */ = {
			isa = PBXGroup;
			children = (
			);
			name = Frameworks;
			sourceTree = "<group>";
		};
		9617AD43276914BE00D74E7E = {
			isa = PBXGroup;
			children = (
				9223E93727BBCECC00F14A1B /* DeviceAuthSignIn (tvOS) */,
				96E98AE8282B44DE00CE251E /* DeviceAuthSignIn (iOS) */,
				96E98B11282C3F6600CE251E /* DeviceAuthSignInUITests (iOS) */,
				9617AD4D276914BE00D74E7E /* Products */,
				96011A0427696CDC0008DD11 /* Frameworks */,
				96E98ABF282ACF8900CE251E /* TestConfiguration.xcconfig */,
				96011A122784CB860008DD11 /* SampleCode.xcconfig */,
			);
			sourceTree = "<group>";
		};
		9617AD4D276914BE00D74E7E /* Products */ = {
			isa = PBXGroup;
			children = (
				9617AD4C276914BE00D74E7E /* Device Auth Sign In.app */,
				9617AD69276914C200D74E7E /* DeviceAuthSignInUITests (tvOS).xctest */,
				96E98AE7282B44DE00CE251E /* DeviceAuthSignIn (iOS).app */,
				96E98B10282C3F6600CE251E /* DeviceAuthSignInUITests (iOS).xctest */,
			);
			name = Products;
			sourceTree = "<group>";
		};
		9617AD4E276914BE00D74E7E /* DeviceAuthSignIn */ = {
			isa = PBXGroup;
			children = (
				9617AD4F276914BE00D74E7E /* AppDelegate.swift */,
				9617AD51276914BE00D74E7E /* ViewController.swift */,
				9617AD53276914BE00D74E7E /* Main.storyboard */,
				9617AD56276914C200D74E7E /* Assets.xcassets */,
				9617AD58276914C200D74E7E /* LaunchScreen.storyboard */,
			);
			path = DeviceAuthSignIn;
			sourceTree = "<group>";
		};
		9617AD6C276914C200D74E7E /* DeviceAuthSignInUITests */ = {
			isa = PBXGroup;
			children = (
				96E98AC0282AD1EE00CE251E /* Pages */,
				9617AD6D276914C200D74E7E /* DeviceSignInTests.swift */,
			);
			path = DeviceAuthSignInUITests;
			sourceTree = "<group>";
		};
		96E98AC0282AD1EE00CE251E /* Pages */ = {
			isa = PBXGroup;
			children = (
				96E98AC1282AD20B00CE251E /* DeviceCodeScreen.swift */,
			);
			path = Pages;
			sourceTree = "<group>";
		};
		96E98AC3282AD24E00CE251E /* Common */ = {
			isa = PBXGroup;
			children = (
				96E98B07282C32BE00CE251E /* Keychain */,
				96E98AC4282AD24E00CE251E /* Testing */,
				96E98ACA282AD24E00CE251E /* ViewControllers */,
			);
			name = Common;
			path = ../../Shared/Common;
			sourceTree = "<group>";
		};
		96E98AC4282AD24E00CE251E /* Testing */ = {
			isa = PBXGroup;
			children = (
				966C2F2C29FAFD3700E85C0D /* Screen+Extensions.swift */,
				96E98B23282C742000CE251E /* Pages */,
				96E98AC5282AD24E00CE251E /* XCTest+Extensions.swift */,
				96E98AC7282AD24E00CE251E /* Screen.swift */,
			);
			path = Testing;
			sourceTree = "<group>";
		};
		96E98ACA282AD24E00CE251E /* ViewControllers */ = {
			isa = PBXGroup;
			children = (
				96E98B03282C302C00CE251E /* Profile.storyboard */,
				96E98ADA282AD3E300CE251E /* Profile-tvOS.storyboard */,
				96E98ACC282AD24E00CE251E /* ProfileTableViewController.swift */,
				96E98ACD282AD24E00CE251E /* TokenDetailViewController.swift */,
			);
			path = ViewControllers;
			sourceTree = "<group>";
		};
		96E98AE8282B44DE00CE251E /* DeviceAuthSignIn (iOS) */ = {
			isa = PBXGroup;
			children = (
				96E98AE9282B44DE00CE251E /* AppDelegate.swift */,
				96E98AEB282B44DE00CE251E /* SceneDelegate.swift */,
				96E98AED282B44DE00CE251E /* ViewController+iOSExtension.swift */,
				96E98AFB282B475700CE251E /* Main.storyboard */,
				96E98AF2282B44E000CE251E /* Assets.xcassets */,
				96E98AF4282B44E000CE251E /* LaunchScreen.storyboard */,
				96E98AF7282B44E000CE251E /* Info.plist */,
			);
			path = "DeviceAuthSignIn (iOS)";
			sourceTree = "<group>";
		};
		96E98B07282C32BE00CE251E /* Keychain */ = {
			isa = PBXGroup;
			children = (
				96E98B08282C32BE00CE251E /* Keychain+Token.swift */,
			);
			path = Keychain;
			sourceTree = "<group>";
		};
		96E98B11282C3F6600CE251E /* DeviceAuthSignInUITests (iOS) */ = {
			isa = PBXGroup;
			children = (
				96E98B1C282C5F4500CE251E /* Pages */,
				96E98B12282C3F6600CE251E /* DeviceSignInTests.swift */,
			);
			path = "DeviceAuthSignInUITests (iOS)";
			sourceTree = "<group>";
		};
		96E98B1C282C5F4500CE251E /* Pages */ = {
			isa = PBXGroup;
			children = (
				96E98B1D282C5F4900CE251E /* DeviceCodeScreen.swift */,
				96E98B21282C61C300CE251E /* BrowserSignInScreen.swift */,
			);
			path = Pages;
			sourceTree = "<group>";
		};
		96E98B23282C742000CE251E /* Pages */ = {
			isa = PBXGroup;
			children = (
				96E98B24282C742000CE251E /* ProfileScreen.swift */,
			);
			path = Pages;
			sourceTree = "<group>";
		};
/* End PBXGroup section */

/* Begin PBXNativeTarget section */
		9617AD4B276914BE00D74E7E /* DeviceAuthSignIn (tvOS) */ = {
			isa = PBXNativeTarget;
			buildConfigurationList = 9617AD73276914C200D74E7E /* Build configuration list for PBXNativeTarget "DeviceAuthSignIn (tvOS)" */;
			buildPhases = (
				9617AD48276914BE00D74E7E /* Sources */,
				9617AD49276914BE00D74E7E /* Frameworks */,
				9617AD4A276914BE00D74E7E /* Resources */,
			);
			buildRules = (
			);
			dependencies = (
			);
			name = "DeviceAuthSignIn (tvOS)";
			packageProductDependencies = (
				96011A0527696CDC0008DD11 /* AuthFoundation */,
				96011A0727696CDC0008DD11 /* OktaOAuth2 */,
			);
			productName = DeviceAuthSignIn;
			productReference = 9617AD4C276914BE00D74E7E /* Device Auth Sign In.app */;
			productType = "com.apple.product-type.application";
		};
		9617AD68276914C200D74E7E /* DeviceAuthSignInUITests (tvOS) */ = {
			isa = PBXNativeTarget;
			buildConfigurationList = 9617AD79276914C200D74E7E /* Build configuration list for PBXNativeTarget "DeviceAuthSignInUITests (tvOS)" */;
			buildPhases = (
				9617AD65276914C200D74E7E /* Sources */,
				9617AD66276914C200D74E7E /* Frameworks */,
				9617AD67276914C200D74E7E /* Resources */,
			);
			buildRules = (
			);
			dependencies = (
				9617AD6B276914C200D74E7E /* PBXTargetDependency */,
			);
			name = "DeviceAuthSignInUITests (tvOS)";
			productName = DeviceAuthSignInUITests;
			productReference = 9617AD69276914C200D74E7E /* DeviceAuthSignInUITests (tvOS).xctest */;
			productType = "com.apple.product-type.bundle.ui-testing";
		};
		96E98AE6282B44DE00CE251E /* DeviceAuthSignIn (iOS) */ = {
			isa = PBXNativeTarget;
			buildConfigurationList = 96E98AF8282B44E000CE251E /* Build configuration list for PBXNativeTarget "DeviceAuthSignIn (iOS)" */;
			buildPhases = (
				96E98AE3282B44DE00CE251E /* Sources */,
				96E98AE4282B44DE00CE251E /* Frameworks */,
				96E98AE5282B44DE00CE251E /* Resources */,
			);
			buildRules = (
			);
			dependencies = (
			);
			name = "DeviceAuthSignIn (iOS)";
			packageProductDependencies = (
				96E98AFE282C2EC300CE251E /* AuthFoundation */,
				96E98B00282C2EC300CE251E /* OktaOAuth2 */,
				96E98B0A282C3E1900CE251E /* WebAuthenticationUI */,
			);
			productName = "DeviceAuthSignIn (iOS)";
			productReference = 96E98AE7282B44DE00CE251E /* DeviceAuthSignIn (iOS).app */;
			productType = "com.apple.product-type.application";
		};
		96E98B0F282C3F6600CE251E /* DeviceAuthSignInUITests (iOS) */ = {
			isa = PBXNativeTarget;
			buildConfigurationList = 96E98B18282C3F6600CE251E /* Build configuration list for PBXNativeTarget "DeviceAuthSignInUITests (iOS)" */;
			buildPhases = (
				96E98B0C282C3F6600CE251E /* Sources */,
				96E98B0D282C3F6600CE251E /* Frameworks */,
				96E98B0E282C3F6600CE251E /* Resources */,
			);
			buildRules = (
			);
			dependencies = (
				96E98B17282C3F6600CE251E /* PBXTargetDependency */,
			);
			name = "DeviceAuthSignInUITests (iOS)";
			productName = "DeviceAuthSignInUITests (iOS)";
			productReference = 96E98B10282C3F6600CE251E /* DeviceAuthSignInUITests (iOS).xctest */;
			productType = "com.apple.product-type.bundle.ui-testing";
		};
/* End PBXNativeTarget section */

/* Begin PBXProject section */
		9617AD44276914BE00D74E7E /* Project object */ = {
			isa = PBXProject;
			attributes = {
				BuildIndependentTargetsInParallel = 1;
				LastSwiftUpdateCheck = 1330;
				LastUpgradeCheck = 1310;
				TargetAttributes = {
					9617AD4B276914BE00D74E7E = {
						CreatedOnToolsVersion = 13.1;
					};
					9617AD68276914C200D74E7E = {
						CreatedOnToolsVersion = 13.1;
						LastSwiftMigration = 1330;
						TestTargetID = 9617AD4B276914BE00D74E7E;
					};
					96E98AE6282B44DE00CE251E = {
						CreatedOnToolsVersion = 13.3;
					};
					96E98B0F282C3F6600CE251E = {
						CreatedOnToolsVersion = 13.3;
						TestTargetID = 96E98AE6282B44DE00CE251E;
					};
				};
			};
			buildConfigurationList = 9617AD47276914BE00D74E7E /* Build configuration list for PBXProject "DeviceAuthSignIn" */;
			compatibilityVersion = "Xcode 13.0";
			developmentRegion = en;
			hasScannedForEncodings = 0;
			knownRegions = (
				en,
				Base,
			);
			mainGroup = 9617AD43276914BE00D74E7E;
			productRefGroup = 9617AD4D276914BE00D74E7E /* Products */;
			projectDirPath = "";
			projectRoot = "";
			targets = (
				9617AD4B276914BE00D74E7E /* DeviceAuthSignIn (tvOS) */,
				9617AD68276914C200D74E7E /* DeviceAuthSignInUITests (tvOS) */,
				96E98AE6282B44DE00CE251E /* DeviceAuthSignIn (iOS) */,
				96E98B0F282C3F6600CE251E /* DeviceAuthSignInUITests (iOS) */,
			);
		};
/* End PBXProject section */

/* Begin PBXResourcesBuildPhase section */
		9617AD4A276914BE00D74E7E /* Resources */ = {
			isa = PBXResourcesBuildPhase;
			buildActionMask = 2147483647;
			files = (
				96E98ADB282AD3E300CE251E /* Profile-tvOS.storyboard in Resources */,
				9617AD5A276914C200D74E7E /* LaunchScreen.storyboard in Resources */,
				9617AD57276914C200D74E7E /* Assets.xcassets in Resources */,
				9617AD55276914BE00D74E7E /* Main.storyboard in Resources */,
			);
			runOnlyForDeploymentPostprocessing = 0;
		};
		9617AD67276914C200D74E7E /* Resources */ = {
			isa = PBXResourcesBuildPhase;
			buildActionMask = 2147483647;
			files = (
			);
			runOnlyForDeploymentPostprocessing = 0;
		};
		96E98AE5282B44DE00CE251E /* Resources */ = {
			isa = PBXResourcesBuildPhase;
			buildActionMask = 2147483647;
			files = (
				96E98B02282C2ED800CE251E /* Main.storyboard in Resources */,
				96E98AF6282B44E000CE251E /* LaunchScreen.storyboard in Resources */,
				96E98B04282C302C00CE251E /* Profile.storyboard in Resources */,
				96E98AF3282B44E000CE251E /* Assets.xcassets in Resources */,
			);
			runOnlyForDeploymentPostprocessing = 0;
		};
		96E98B0E282C3F6600CE251E /* Resources */ = {
			isa = PBXResourcesBuildPhase;
			buildActionMask = 2147483647;
			files = (
			);
			runOnlyForDeploymentPostprocessing = 0;
		};
/* End PBXResourcesBuildPhase section */

/* Begin PBXSourcesBuildPhase section */
		9617AD48276914BE00D74E7E /* Sources */ = {
			isa = PBXSourcesBuildPhase;
			buildActionMask = 2147483647;
			files = (
				96E98AD9282AD36E00CE251E /* ProfileTableViewController.swift in Sources */,
				9617AD52276914BE00D74E7E /* ViewController.swift in Sources */,
				9617AD50276914BE00D74E7E /* AppDelegate.swift in Sources */,
				96E98AD8282AD36E00CE251E /* TokenDetailViewController.swift in Sources */,
			);
			runOnlyForDeploymentPostprocessing = 0;
		};
		9617AD65276914C200D74E7E /* Sources */ = {
			isa = PBXSourcesBuildPhase;
			buildActionMask = 2147483647;
			files = (
				96E98AD0282AD24E00CE251E /* XCTest+Extensions.swift in Sources */,
				96E98ADC282AD50000CE251E /* DeviceCodeScreen.swift in Sources */,
				9617AD6E276914C200D74E7E /* DeviceSignInTests.swift in Sources */,
				96E98AD2282AD24E00CE251E /* Screen.swift in Sources */,
			);
			runOnlyForDeploymentPostprocessing = 0;
		};
		96E98AE3282B44DE00CE251E /* Sources */ = {
			isa = PBXSourcesBuildPhase;
			buildActionMask = 2147483647;
			files = (
				96E98AEE282B44DE00CE251E /* ViewController+iOSExtension.swift in Sources */,
				96E98B05282C32A300CE251E /* ProfileTableViewController.swift in Sources */,
				96E98AEA282B44DE00CE251E /* AppDelegate.swift in Sources */,
				96E98AFD282C18B600CE251E /* ViewController.swift in Sources */,
				96E98AEC282B44DE00CE251E /* SceneDelegate.swift in Sources */,
				96E98B09282C32BE00CE251E /* Keychain+Token.swift in Sources */,
				96E98B06282C32A300CE251E /* TokenDetailViewController.swift in Sources */,
			);
			runOnlyForDeploymentPostprocessing = 0;
		};
		96E98B0C282C3F6600CE251E /* Sources */ = {
			isa = PBXSourcesBuildPhase;
			buildActionMask = 2147483647;
			files = (
				96E98B22282C61C300CE251E /* BrowserSignInScreen.swift in Sources */,
				96E98B25282C742000CE251E /* ProfileScreen.swift in Sources */,
				966C2F2D29FAFD3700E85C0D /* Screen+Extensions.swift in Sources */,
				96E98B20282C5FB700CE251E /* XCTest+Extensions.swift in Sources */,
				96E98B1E282C5F8900CE251E /* DeviceCodeScreen.swift in Sources */,
				96E98B13282C3F6600CE251E /* DeviceSignInTests.swift in Sources */,
				96E98B1F282C5FB700CE251E /* Screen.swift in Sources */,
			);
			runOnlyForDeploymentPostprocessing = 0;
		};
/* End PBXSourcesBuildPhase section */

/* Begin PBXTargetDependency section */
		9617AD6B276914C200D74E7E /* PBXTargetDependency */ = {
			isa = PBXTargetDependency;
			target = 9617AD4B276914BE00D74E7E /* DeviceAuthSignIn (tvOS) */;
			targetProxy = 9617AD6A276914C200D74E7E /* PBXContainerItemProxy */;
		};
		96E98B17282C3F6600CE251E /* PBXTargetDependency */ = {
			isa = PBXTargetDependency;
			target = 96E98AE6282B44DE00CE251E /* DeviceAuthSignIn (iOS) */;
			targetProxy = 96E98B16282C3F6600CE251E /* PBXContainerItemProxy */;
		};
/* End PBXTargetDependency section */

/* Begin PBXVariantGroup section */
		9617AD53276914BE00D74E7E /* Main.storyboard */ = {
			isa = PBXVariantGroup;
			children = (
				9617AD54276914BE00D74E7E /* Base */,
			);
			name = Main.storyboard;
			sourceTree = "<group>";
		};
		9617AD58276914C200D74E7E /* LaunchScreen.storyboard */ = {
			isa = PBXVariantGroup;
			children = (
				9617AD59276914C200D74E7E /* Base */,
			);
			name = LaunchScreen.storyboard;
			sourceTree = "<group>";
		};
		96E98AF4282B44E000CE251E /* LaunchScreen.storyboard */ = {
			isa = PBXVariantGroup;
			children = (
				96E98AF5282B44E000CE251E /* Base */,
			);
			name = LaunchScreen.storyboard;
			sourceTree = "<group>";
		};
		96E98AFB282B475700CE251E /* Main.storyboard */ = {
			isa = PBXVariantGroup;
			children = (
				96E98AFC282B475700CE251E /* Base */,
			);
			name = Main.storyboard;
			sourceTree = "<group>";
		};
/* End PBXVariantGroup section */

/* Begin XCBuildConfiguration section */
		9617AD71276914C200D74E7E /* Debug */ = {
			isa = XCBuildConfiguration;
			baseConfigurationReference = 96011A122784CB860008DD11 /* SampleCode.xcconfig */;
			buildSettings = {
				ALWAYS_SEARCH_USER_PATHS = NO;
				CLANG_ANALYZER_NONNULL = YES;
				CLANG_ANALYZER_NUMBER_OBJECT_CONVERSION = YES_AGGRESSIVE;
				CLANG_CXX_LANGUAGE_STANDARD = "gnu++17";
				CLANG_CXX_LIBRARY = "libc++";
				CLANG_ENABLE_MODULES = YES;
				CLANG_ENABLE_OBJC_ARC = YES;
				CLANG_ENABLE_OBJC_WEAK = YES;
				CLANG_WARN_BLOCK_CAPTURE_AUTORELEASING = YES;
				CLANG_WARN_BOOL_CONVERSION = YES;
				CLANG_WARN_COMMA = YES;
				CLANG_WARN_CONSTANT_CONVERSION = YES;
				CLANG_WARN_DEPRECATED_OBJC_IMPLEMENTATIONS = YES;
				CLANG_WARN_DIRECT_OBJC_ISA_USAGE = YES_ERROR;
				CLANG_WARN_DOCUMENTATION_COMMENTS = YES;
				CLANG_WARN_EMPTY_BODY = YES;
				CLANG_WARN_ENUM_CONVERSION = YES;
				CLANG_WARN_INFINITE_RECURSION = YES;
				CLANG_WARN_INT_CONVERSION = YES;
				CLANG_WARN_NON_LITERAL_NULL_CONVERSION = YES;
				CLANG_WARN_OBJC_IMPLICIT_RETAIN_SELF = YES;
				CLANG_WARN_OBJC_LITERAL_CONVERSION = YES;
				CLANG_WARN_OBJC_ROOT_CLASS = YES_ERROR;
				CLANG_WARN_QUOTED_INCLUDE_IN_FRAMEWORK_HEADER = YES;
				CLANG_WARN_RANGE_LOOP_ANALYSIS = YES;
				CLANG_WARN_STRICT_PROTOTYPES = YES;
				CLANG_WARN_SUSPICIOUS_MOVE = YES;
				CLANG_WARN_UNGUARDED_AVAILABILITY = YES_AGGRESSIVE;
				CLANG_WARN_UNREACHABLE_CODE = YES;
				CLANG_WARN__DUPLICATE_METHOD_MATCH = YES;
				COPY_PHASE_STRIP = NO;
				DEBUG_INFORMATION_FORMAT = dwarf;
				ENABLE_STRICT_OBJC_MSGSEND = YES;
				ENABLE_TESTABILITY = YES;
				GCC_C_LANGUAGE_STANDARD = gnu11;
				GCC_DYNAMIC_NO_PIC = NO;
				GCC_NO_COMMON_BLOCKS = YES;
				GCC_OPTIMIZATION_LEVEL = 0;
				GCC_PREPROCESSOR_DEFINITIONS = (
					"DEBUG=1",
					"$(inherited)",
				);
				GCC_WARN_64_TO_32_BIT_CONVERSION = YES;
				GCC_WARN_ABOUT_RETURN_TYPE = YES_ERROR;
				GCC_WARN_UNDECLARED_SELECTOR = YES;
				GCC_WARN_UNINITIALIZED_AUTOS = YES_AGGRESSIVE;
				GCC_WARN_UNUSED_FUNCTION = YES;
				GCC_WARN_UNUSED_VARIABLE = YES;
				MTL_ENABLE_DEBUG_INFO = INCLUDE_SOURCE;
				MTL_FAST_MATH = YES;
				ONLY_ACTIVE_ARCH = YES;
				SDKROOT = appletvos;
				SWIFT_ACTIVE_COMPILATION_CONDITIONS = DEBUG;
				SWIFT_OPTIMIZATION_LEVEL = "-Onone";
				TVOS_DEPLOYMENT_TARGET = 15.0;
			};
			name = Debug;
		};
		9617AD72276914C200D74E7E /* Release */ = {
			isa = XCBuildConfiguration;
			baseConfigurationReference = 96011A122784CB860008DD11 /* SampleCode.xcconfig */;
			buildSettings = {
				ALWAYS_SEARCH_USER_PATHS = NO;
				CLANG_ANALYZER_NONNULL = YES;
				CLANG_ANALYZER_NUMBER_OBJECT_CONVERSION = YES_AGGRESSIVE;
				CLANG_CXX_LANGUAGE_STANDARD = "gnu++17";
				CLANG_CXX_LIBRARY = "libc++";
				CLANG_ENABLE_MODULES = YES;
				CLANG_ENABLE_OBJC_ARC = YES;
				CLANG_ENABLE_OBJC_WEAK = YES;
				CLANG_WARN_BLOCK_CAPTURE_AUTORELEASING = YES;
				CLANG_WARN_BOOL_CONVERSION = YES;
				CLANG_WARN_COMMA = YES;
				CLANG_WARN_CONSTANT_CONVERSION = YES;
				CLANG_WARN_DEPRECATED_OBJC_IMPLEMENTATIONS = YES;
				CLANG_WARN_DIRECT_OBJC_ISA_USAGE = YES_ERROR;
				CLANG_WARN_DOCUMENTATION_COMMENTS = YES;
				CLANG_WARN_EMPTY_BODY = YES;
				CLANG_WARN_ENUM_CONVERSION = YES;
				CLANG_WARN_INFINITE_RECURSION = YES;
				CLANG_WARN_INT_CONVERSION = YES;
				CLANG_WARN_NON_LITERAL_NULL_CONVERSION = YES;
				CLANG_WARN_OBJC_IMPLICIT_RETAIN_SELF = YES;
				CLANG_WARN_OBJC_LITERAL_CONVERSION = YES;
				CLANG_WARN_OBJC_ROOT_CLASS = YES_ERROR;
				CLANG_WARN_QUOTED_INCLUDE_IN_FRAMEWORK_HEADER = YES;
				CLANG_WARN_RANGE_LOOP_ANALYSIS = YES;
				CLANG_WARN_STRICT_PROTOTYPES = YES;
				CLANG_WARN_SUSPICIOUS_MOVE = YES;
				CLANG_WARN_UNGUARDED_AVAILABILITY = YES_AGGRESSIVE;
				CLANG_WARN_UNREACHABLE_CODE = YES;
				CLANG_WARN__DUPLICATE_METHOD_MATCH = YES;
				COPY_PHASE_STRIP = NO;
				DEBUG_INFORMATION_FORMAT = "dwarf-with-dsym";
				ENABLE_NS_ASSERTIONS = NO;
				ENABLE_STRICT_OBJC_MSGSEND = YES;
				GCC_C_LANGUAGE_STANDARD = gnu11;
				GCC_NO_COMMON_BLOCKS = YES;
				GCC_WARN_64_TO_32_BIT_CONVERSION = YES;
				GCC_WARN_ABOUT_RETURN_TYPE = YES_ERROR;
				GCC_WARN_UNDECLARED_SELECTOR = YES;
				GCC_WARN_UNINITIALIZED_AUTOS = YES_AGGRESSIVE;
				GCC_WARN_UNUSED_FUNCTION = YES;
				GCC_WARN_UNUSED_VARIABLE = YES;
				MTL_ENABLE_DEBUG_INFO = NO;
				MTL_FAST_MATH = YES;
				SDKROOT = appletvos;
				SWIFT_COMPILATION_MODE = wholemodule;
				SWIFT_OPTIMIZATION_LEVEL = "-O";
				TVOS_DEPLOYMENT_TARGET = 15.0;
				VALIDATE_PRODUCT = YES;
			};
			name = Release;
		};
		9617AD74276914C200D74E7E /* Debug */ = {
			isa = XCBuildConfiguration;
			baseConfigurationReference = 96E98ABF282ACF8900CE251E /* TestConfiguration.xcconfig */;
			buildSettings = {
				ASSETCATALOG_COMPILER_APPICON_NAME = "App Icon & Top Shelf Image";
				ASSETCATALOG_COMPILER_GLOBAL_ACCENT_COLOR_NAME = AccentColor;
				CODE_SIGN_STYLE = Automatic;
				CURRENT_PROJECT_VERSION = 1;
				GENERATE_INFOPLIST_FILE = YES;
				INFOPLIST_KEY_UILaunchStoryboardName = LaunchScreen;
				INFOPLIST_KEY_UIMainStoryboardFile = Main;
				INFOPLIST_KEY_UIUserInterfaceStyle = Automatic;
				LD_RUNPATH_SEARCH_PATHS = (
					"$(inherited)",
					"@executable_path/Frameworks",
				);
				MARKETING_VERSION = 1.0;
				PRODUCT_BUNDLE_IDENTIFIER = "com.example.okta-sample.DeviceAuthSignIn${SAMPLE_CODE_DISAMBIGUATOR}";
				PRODUCT_NAME = "Device Auth Sign In";
				SWIFT_EMIT_LOC_STRINGS = YES;
				SWIFT_VERSION = 5.0;
				TARGETED_DEVICE_FAMILY = 3;
			};
			name = Debug;
		};
		9617AD75276914C200D74E7E /* Release */ = {
			isa = XCBuildConfiguration;
			baseConfigurationReference = 96E98ABF282ACF8900CE251E /* TestConfiguration.xcconfig */;
			buildSettings = {
				ASSETCATALOG_COMPILER_APPICON_NAME = "App Icon & Top Shelf Image";
				ASSETCATALOG_COMPILER_GLOBAL_ACCENT_COLOR_NAME = AccentColor;
				CODE_SIGN_STYLE = Automatic;
				CURRENT_PROJECT_VERSION = 1;
				GENERATE_INFOPLIST_FILE = YES;
				INFOPLIST_KEY_UILaunchStoryboardName = LaunchScreen;
				INFOPLIST_KEY_UIMainStoryboardFile = Main;
				INFOPLIST_KEY_UIUserInterfaceStyle = Automatic;
				LD_RUNPATH_SEARCH_PATHS = (
					"$(inherited)",
					"@executable_path/Frameworks",
				);
				MARKETING_VERSION = 1.0;
				PRODUCT_BUNDLE_IDENTIFIER = "com.example.okta-sample.DeviceAuthSignIn${SAMPLE_CODE_DISAMBIGUATOR}";
				PRODUCT_NAME = "Device Auth Sign In";
				SWIFT_EMIT_LOC_STRINGS = YES;
				SWIFT_VERSION = 5.0;
				TARGETED_DEVICE_FAMILY = 3;
			};
			name = Release;
		};
		9617AD7A276914C200D74E7E /* Debug */ = {
			isa = XCBuildConfiguration;
			baseConfigurationReference = 96E98ABF282ACF8900CE251E /* TestConfiguration.xcconfig */;
			buildSettings = {
				ALWAYS_EMBED_SWIFT_STANDARD_LIBRARIES = YES;
				CLANG_ENABLE_MODULES = YES;
				CODE_SIGN_STYLE = Automatic;
				CURRENT_PROJECT_VERSION = 1;
				GENERATE_INFOPLIST_FILE = YES;
				LD_RUNPATH_SEARCH_PATHS = (
					"$(inherited)",
					"@executable_path/Frameworks",
					"@loader_path/Frameworks",
				);
				MARKETING_VERSION = 1.0;
				PRODUCT_BUNDLE_IDENTIFIER = "com.okta.mobile-sdk.DeviceAuthSignInUITests";
				PRODUCT_NAME = "$(TARGET_NAME)";
				PROVISIONING_PROFILE = "";
				SWIFT_EMIT_LOC_STRINGS = NO;
				SWIFT_OPTIMIZATION_LEVEL = "-Onone";
				SWIFT_VERSION = 5.0;
				TARGETED_DEVICE_FAMILY = 3;
				TEST_TARGET_NAME = "DeviceAuthSignIn (tvOS)";
			};
			name = Debug;
		};
		9617AD7B276914C200D74E7E /* Release */ = {
			isa = XCBuildConfiguration;
			baseConfigurationReference = 96E98ABF282ACF8900CE251E /* TestConfiguration.xcconfig */;
			buildSettings = {
				ALWAYS_EMBED_SWIFT_STANDARD_LIBRARIES = YES;
				CLANG_ENABLE_MODULES = YES;
				CODE_SIGN_STYLE = Automatic;
				CURRENT_PROJECT_VERSION = 1;
				GENERATE_INFOPLIST_FILE = YES;
				LD_RUNPATH_SEARCH_PATHS = (
					"$(inherited)",
					"@executable_path/Frameworks",
					"@loader_path/Frameworks",
				);
				MARKETING_VERSION = 1.0;
				PRODUCT_BUNDLE_IDENTIFIER = "com.okta.mobile-sdk.DeviceAuthSignInUITests";
				PRODUCT_NAME = "$(TARGET_NAME)";
				PROVISIONING_PROFILE = "";
				SWIFT_EMIT_LOC_STRINGS = NO;
				SWIFT_VERSION = 5.0;
				TARGETED_DEVICE_FAMILY = 3;
				TEST_TARGET_NAME = "DeviceAuthSignIn (tvOS)";
			};
			name = Release;
		};
		96E98AF9282B44E000CE251E /* Debug */ = {
			isa = XCBuildConfiguration;
			baseConfigurationReference = 96011A122784CB860008DD11 /* SampleCode.xcconfig */;
			buildSettings = {
				ASSETCATALOG_COMPILER_APPICON_NAME = AppIcon;
				ASSETCATALOG_COMPILER_GLOBAL_ACCENT_COLOR_NAME = AccentColor;
				CODE_SIGN_STYLE = Automatic;
				CURRENT_PROJECT_VERSION = 1;
				GENERATE_INFOPLIST_FILE = YES;
				INFOPLIST_FILE = "DeviceAuthSignIn (iOS)/Info.plist";
				INFOPLIST_KEY_UIApplicationSupportsIndirectInputEvents = YES;
				INFOPLIST_KEY_UILaunchStoryboardName = LaunchScreen;
				INFOPLIST_KEY_UIMainStoryboardFile = Main;
				INFOPLIST_KEY_UISupportedInterfaceOrientations_iPad = "UIInterfaceOrientationPortrait UIInterfaceOrientationPortraitUpsideDown UIInterfaceOrientationLandscapeLeft UIInterfaceOrientationLandscapeRight";
				INFOPLIST_KEY_UISupportedInterfaceOrientations_iPhone = "UIInterfaceOrientationPortrait UIInterfaceOrientationLandscapeLeft UIInterfaceOrientationLandscapeRight";
				IPHONEOS_DEPLOYMENT_TARGET = 15.4;
				LD_RUNPATH_SEARCH_PATHS = (
					"$(inherited)",
					"@executable_path/Frameworks",
				);
				MARKETING_VERSION = 1.0;
				PRODUCT_BUNDLE_IDENTIFIER = "com.example.okta-sample.DeviceAuthSignIn${SAMPLE_CODE_DISAMBIGUATOR}";
				PRODUCT_NAME = "$(TARGET_NAME)";
				SDKROOT = iphoneos;
				SWIFT_EMIT_LOC_STRINGS = YES;
				SWIFT_VERSION = 5.0;
				TARGETED_DEVICE_FAMILY = "1,2";
			};
			name = Debug;
		};
		96E98AFA282B44E000CE251E /* Release */ = {
			isa = XCBuildConfiguration;
			baseConfigurationReference = 96011A122784CB860008DD11 /* SampleCode.xcconfig */;
			buildSettings = {
				ASSETCATALOG_COMPILER_APPICON_NAME = AppIcon;
				ASSETCATALOG_COMPILER_GLOBAL_ACCENT_COLOR_NAME = AccentColor;
				CODE_SIGN_STYLE = Automatic;
				CURRENT_PROJECT_VERSION = 1;
				GENERATE_INFOPLIST_FILE = YES;
				INFOPLIST_FILE = "DeviceAuthSignIn (iOS)/Info.plist";
				INFOPLIST_KEY_UIApplicationSupportsIndirectInputEvents = YES;
				INFOPLIST_KEY_UILaunchStoryboardName = LaunchScreen;
				INFOPLIST_KEY_UIMainStoryboardFile = Main;
				INFOPLIST_KEY_UISupportedInterfaceOrientations_iPad = "UIInterfaceOrientationPortrait UIInterfaceOrientationPortraitUpsideDown UIInterfaceOrientationLandscapeLeft UIInterfaceOrientationLandscapeRight";
				INFOPLIST_KEY_UISupportedInterfaceOrientations_iPhone = "UIInterfaceOrientationPortrait UIInterfaceOrientationLandscapeLeft UIInterfaceOrientationLandscapeRight";
				IPHONEOS_DEPLOYMENT_TARGET = 15.4;
				LD_RUNPATH_SEARCH_PATHS = (
					"$(inherited)",
					"@executable_path/Frameworks",
				);
				MARKETING_VERSION = 1.0;
				PRODUCT_BUNDLE_IDENTIFIER = "com.example.okta-sample.DeviceAuthSignIn${SAMPLE_CODE_DISAMBIGUATOR}";
				PRODUCT_NAME = "$(TARGET_NAME)";
				SDKROOT = iphoneos;
				SWIFT_EMIT_LOC_STRINGS = YES;
				SWIFT_VERSION = 5.0;
				TARGETED_DEVICE_FAMILY = "1,2";
			};
			name = Release;
		};
		96E98B19282C3F6600CE251E /* Debug */ = {
			isa = XCBuildConfiguration;
			baseConfigurationReference = 96E98ABF282ACF8900CE251E /* TestConfiguration.xcconfig */;
			buildSettings = {
				CODE_SIGN_STYLE = Automatic;
				CURRENT_PROJECT_VERSION = 1;
				GENERATE_INFOPLIST_FILE = YES;
				IPHONEOS_DEPLOYMENT_TARGET = 15.4;
				MARKETING_VERSION = 1.0;
				PRODUCT_BUNDLE_IDENTIFIER = "com.example.okta-sample.DeviceAuthSignInUITests--iOS-";
				PRODUCT_NAME = "$(TARGET_NAME)";
				SDKROOT = iphoneos;
				SWIFT_EMIT_LOC_STRINGS = NO;
				SWIFT_VERSION = 5.0;
				TARGETED_DEVICE_FAMILY = "1,2";
				TEST_TARGET_NAME = "DeviceAuthSignIn (iOS)";
			};
			name = Debug;
		};
		96E98B1A282C3F6600CE251E /* Release */ = {
			isa = XCBuildConfiguration;
			baseConfigurationReference = 96E98ABF282ACF8900CE251E /* TestConfiguration.xcconfig */;
			buildSettings = {
				CODE_SIGN_STYLE = Automatic;
				CURRENT_PROJECT_VERSION = 1;
				GENERATE_INFOPLIST_FILE = YES;
				IPHONEOS_DEPLOYMENT_TARGET = 15.4;
				MARKETING_VERSION = 1.0;
				PRODUCT_BUNDLE_IDENTIFIER = "com.example.okta-sample.DeviceAuthSignInUITests--iOS-";
				PRODUCT_NAME = "$(TARGET_NAME)";
				SDKROOT = iphoneos;
				SWIFT_EMIT_LOC_STRINGS = NO;
				SWIFT_VERSION = 5.0;
				TARGETED_DEVICE_FAMILY = "1,2";
				TEST_TARGET_NAME = "DeviceAuthSignIn (iOS)";
			};
			name = Release;
		};
/* End XCBuildConfiguration section */

/* Begin XCConfigurationList section */
		9617AD47276914BE00D74E7E /* Build configuration list for PBXProject "DeviceAuthSignIn" */ = {
			isa = XCConfigurationList;
			buildConfigurations = (
				9617AD71276914C200D74E7E /* Debug */,
				9617AD72276914C200D74E7E /* Release */,
			);
			defaultConfigurationIsVisible = 0;
			defaultConfigurationName = Release;
		};
		9617AD73276914C200D74E7E /* Build configuration list for PBXNativeTarget "DeviceAuthSignIn (tvOS)" */ = {
			isa = XCConfigurationList;
			buildConfigurations = (
				9617AD74276914C200D74E7E /* Debug */,
				9617AD75276914C200D74E7E /* Release */,
			);
			defaultConfigurationIsVisible = 0;
			defaultConfigurationName = Release;
		};
		9617AD79276914C200D74E7E /* Build configuration list for PBXNativeTarget "DeviceAuthSignInUITests (tvOS)" */ = {
			isa = XCConfigurationList;
			buildConfigurations = (
				9617AD7A276914C200D74E7E /* Debug */,
				9617AD7B276914C200D74E7E /* Release */,
			);
			defaultConfigurationIsVisible = 0;
			defaultConfigurationName = Release;
		};
		96E98AF8282B44E000CE251E /* Build configuration list for PBXNativeTarget "DeviceAuthSignIn (iOS)" */ = {
			isa = XCConfigurationList;
			buildConfigurations = (
				96E98AF9282B44E000CE251E /* Debug */,
				96E98AFA282B44E000CE251E /* Release */,
			);
			defaultConfigurationIsVisible = 0;
			defaultConfigurationName = Release;
		};
		96E98B18282C3F6600CE251E /* Build configuration list for PBXNativeTarget "DeviceAuthSignInUITests (iOS)" */ = {
			isa = XCConfigurationList;
			buildConfigurations = (
				96E98B19282C3F6600CE251E /* Debug */,
				96E98B1A282C3F6600CE251E /* Release */,
			);
			defaultConfigurationIsVisible = 0;
			defaultConfigurationName = Release;
		};
/* End XCConfigurationList section */

/* Begin XCSwiftPackageProductDependency section */
		96011A0527696CDC0008DD11 /* AuthFoundation */ = {
			isa = XCSwiftPackageProductDependency;
			productName = AuthFoundation;
		};
		96011A0727696CDC0008DD11 /* OktaOAuth2 */ = {
			isa = XCSwiftPackageProductDependency;
			productName = OktaOAuth2;
		};
		96E98AFE282C2EC300CE251E /* AuthFoundation */ = {
			isa = XCSwiftPackageProductDependency;
			productName = AuthFoundation;
		};
		96E98B00282C2EC300CE251E /* OktaOAuth2 */ = {
			isa = XCSwiftPackageProductDependency;
			productName = OktaOAuth2;
		};
		96E98B0A282C3E1900CE251E /* WebAuthenticationUI */ = {
			isa = XCSwiftPackageProductDependency;
			productName = WebAuthenticationUI;
		};
/* End XCSwiftPackageProductDependency section */
	};
	rootObject = 9617AD44276914BE00D74E7E /* Project object */;
}
