{
  "originHash" : "42b0a1beca5cabe7c25ae777d11a02460d34f77dba8895efaaf8396793aebaad",
  "pins" : [
    {
      "identity" : "okta-auth-swift",
      "kind" : "remoteSourceControl",
      "location" : "https://github.com/okta/okta-auth-swift",
      "state" : {
        "branch" : "master",
        "revision" : "54b40d5c7f7867f6370b0a1311c2e005f57c8bb3"
      }
    },
    {
      "identity" : "okta-oidc-ios",
      "kind" : "remoteSourceControl",
      "location" : "https://github.com/okta/okta-oidc-ios",
      "state" : {
        "revision" : "91eac722b8e859ba7f15d65a9085a64a296bc065",
        "version" : "3.11.2"
      }
    },
    {
      "identity" : "swift-argument-parser",
      "kind" : "remoteSourceControl",
      "location" : "https://github.com/apple/swift-argument-parser.git",
      "state" : {
        "revision" : "41982a3656a71c768319979febd796c6fd111d5c",
        "version" : "1.5.0"
      }
    },
    {
      "identity" : "swift-crypto",
      "kind" : "remoteSourceControl",
      "location" : "https://github.com/apple/swift-crypto.git",
      "state" : {
        "revision" : "ddb07e896a2a8af79512543b1c7eb9797f8898a5",
        "version" : "1.1.7"
      }
    },
    {
      "identity" : "swiftotp",
      "kind" : "remoteSourceControl",
      "location" : "https://github.com/lachlanbell/SwiftOTP",
      "state" : {
        "revision" : "315acdb759083fd8f3c37b02fc021321c8934f9c",
        "version" : "3.0.0"
      }
    }
  ],
  "version" : 3
}
