// !$*UTF8*$!
{
	archiveVersion = 1;
	classes = {
	};
	objectVersion = 56;
	objects = {

/* Begin PBXBuildFile section */
		E02042D72C6582DF0088BB34 /* JWTSignin.swift in Sources */ = {isa = PBXBuildFile; fileRef = E02042D62C6582DF0088BB34 /* JWTSignin.swift */; };
		E02042E12C6585090088BB34 /* ArgumentParser in Frameworks */ = {isa = PBXBuildFile; productRef = E02042E02C6585090088BB34 /* ArgumentParser */; };
		E02042E42C6585200088BB34 /* AuthFoundation in Frameworks */ = {isa = PBXBuildFile; productRef = E02042E32C6585200088BB34 /* AuthFoundation */; };
		E02042E62C6585200088BB34 /* OktaOAuth2 in Frameworks */ = {isa = PBXBuildFile; productRef = E02042E52C6585200088BB34 /* OktaOAuth2 */; };
		E02042E82C658D420088BB34 /* JWTSignin+Extensions.swift in Sources */ = {isa = PBXBuildFile; fileRef = E02042E72C658D420088BB34 /* JWTSignin+Extensions.swift */; };
/* End PBXBuildFile section */

/* Begin PBXCopyFilesBuildPhase section */
		E02042D12C6582DF0088BB34 /* CopyFiles */ = {
			isa = PBXCopyFilesBuildPhase;
			buildActionMask = 2147483647;
			dstPath = /usr/share/man/man1/;
			dstSubfolderSpec = 0;
			files = (
			);
			runOnlyForDeploymentPostprocessing = 1;
		};
/* End PBXCopyFilesBuildPhase section */

/* Begin PBXFileReference section */
		E02042D32C6582DF0088BB34 /* JWTSignIn */ = {isa = PBXFileReference; explicitFileType = "compiled.mach-o.executable"; includeInIndex = 0; path = JWTSignIn; sourceTree = BUILT_PRODUCTS_DIR; };
		E02042D62C6582DF0088BB34 /* JWTSignin.swift */ = {isa = PBXFileReference; lastKnownFileType = sourcecode.swift; path = JWTSignin.swift; sourceTree = "<group>"; };
		E02042DD2C65831B0088BB34 /* TestConfiguration.xcconfig */ = {isa = PBXFileReference; lastKnownFileType = text.xcconfig; name = TestConfiguration.xcconfig; path = ../Shared/TestConfiguration.xcconfig; sourceTree = "<group>"; };
		E02042DE2C65831B0088BB34 /* SampleCode.xcconfig */ = {isa = PBXFileReference; lastKnownFileType = text.xcconfig; name = SampleCode.xcconfig; path = ../Shared/SampleCode.xcconfig; sourceTree = "<group>"; };
		E02042E72C658D420088BB34 /* JWTSignin+Extensions.swift */ = {isa = PBXFileReference; lastKnownFileType = sourcecode.swift; path = "JWTSignin+Extensions.swift"; sourceTree = "<group>"; };
/* End PBXFileReference section */

/* Begin PBXFrameworksBuildPhase section */
		E02042D02C6582DF0088BB34 /* Frameworks */ = {
			isa = PBXFrameworksBuildPhase;
			buildActionMask = 2147483647;
			files = (
				E02042E12C6585090088BB34 /* ArgumentParser in Frameworks */,
				E02042E42C6585200088BB34 /* AuthFoundation in Frameworks */,
				E02042E62C6585200088BB34 /* OktaOAuth2 in Frameworks */,
			);
			runOnlyForDeploymentPostprocessing = 0;
		};
/* End PBXFrameworksBuildPhase section */

/* Begin PBXGroup section */
		E02042CA2C6582DF0088BB34 = {
			isa = PBXGroup;
			children = (
				E02042D52C6582DF0088BB34 /* JWTSignIn */,
				E02042DE2C65831B0088BB34 /* SampleCode.xcconfig */,
				E02042DD2C65831B0088BB34 /* TestConfiguration.xcconfig */,
				E02042D42C6582DF0088BB34 /* Products */,
				E02042E22C6585200088BB34 /* Frameworks */,
			);
			sourceTree = "<group>";
		};
		E02042D42C6582DF0088BB34 /* Products */ = {
			isa = PBXGroup;
			children = (
				E02042D32C6582DF0088BB34 /* JWTSignIn */,
			);
			name = Products;
			sourceTree = "<group>";
		};
		E02042D52C6582DF0088BB34 /* JWTSignIn */ = {
			isa = PBXGroup;
			children = (
				E02042D62C6582DF0088BB34 /* JWTSignin.swift */,
				E02042E72C658D420088BB34 /* JWTSignin+Extensions.swift */,
			);
			path = JWTSignIn;
			sourceTree = "<group>";
		};
		E02042E22C6585200088BB34 /* Frameworks */ = {
			isa = PBXGroup;
			children = (
			);
			name = Frameworks;
			sourceTree = "<group>";
		};
/* End PBXGroup section */

/* Begin PBXNativeTarget section */
		E02042D22C6582DF0088BB34 /* JWTSignIn */ = {
			isa = PBXNativeTarget;
			buildConfigurationList = E02042DA2C6582DF0088BB34 /* Build configuration list for PBXNativeTarget "JWTSignIn" */;
			buildPhases = (
				E02042CF2C6582DF0088BB34 /* Sources */,
				E02042D02C6582DF0088BB34 /* Frameworks */,
				E02042D12C6582DF0088BB34 /* CopyFiles */,
			);
			buildRules = (
			);
			dependencies = (
			);
			name = JWTSignIn;
			packageProductDependencies = (
				E02042E02C6585090088BB34 /* ArgumentParser */,
				E02042E32C6585200088BB34 /* AuthFoundation */,
				E02042E52C6585200088BB34 /* OktaOAuth2 */,
			);
			productName = JWTSignIn;
			productReference = E02042D32C6582DF0088BB34 /* JWTSignIn */;
			productType = "com.apple.product-type.tool";
		};
/* End PBXNativeTarget section */

/* Begin PBXProject section */
		E02042CB2C6582DF0088BB34 /* Project object */ = {
			isa = PBXProject;
			attributes = {
				BuildIndependentTargetsInParallel = 1;
				LastSwiftUpdateCheck = 1540;
				LastUpgradeCheck = 1540;
				TargetAttributes = {
					E02042D22C6582DF0088BB34 = {
						CreatedOnToolsVersion = 15.4;
					};
				};
			};
			buildConfigurationList = E02042CE2C6582DF0088BB34 /* Build configuration list for PBXProject "JWTSignIn" */;
			compatibilityVersion = "Xcode 14.0";
			developmentRegion = en;
			hasScannedForEncodings = 0;
			knownRegions = (
				en,
				Base,
			);
			mainGroup = E02042CA2C6582DF0088BB34;
			packageReferences = (
				E02042DF2C6585090088BB34 /* XCRemoteSwiftPackageReference "swift-argument-parser" */,
			);
			productRefGroup = E02042D42C6582DF0088BB34 /* Products */;
			projectDirPath = "";
			projectRoot = "";
			targets = (
				E02042D22C6582DF0088BB34 /* JWTSignIn */,
			);
		};
/* End PBXProject section */

/* Begin PBXSourcesBuildPhase section */
		E02042CF2C6582DF0088BB34 /* Sources */ = {
			isa = PBXSourcesBuildPhase;
			buildActionMask = 2147483647;
			files = (
				E02042D72C6582DF0088BB34 /* JWTSignin.swift in Sources */,
				E02042E82C658D420088BB34 /* JWTSignin+Extensions.swift in Sources */,
			);
			runOnlyForDeploymentPostprocessing = 0;
		};
/* End PBXSourcesBuildPhase section */

/* Begin XCBuildConfiguration section */
		E02042D82C6582DF0088BB34 /* Debug */ = {
			isa = XCBuildConfiguration;
			baseConfigurationReference = E02042DE2C65831B0088BB34 /* SampleCode.xcconfig */;
			buildSettings = {
				ALWAYS_SEARCH_USER_PATHS = NO;
				ASSETCATALOG_COMPILER_GENERATE_SWIFT_ASSET_SYMBOL_EXTENSIONS = YES;
				CLANG_ANALYZER_NONNULL = YES;
				CLANG_ANALYZER_NUMBER_OBJECT_CONVERSION = YES_AGGRESSIVE;
				CLANG_CXX_LANGUAGE_STANDARD = "gnu++20";
				CLANG_ENABLE_MODULES = YES;
				CLANG_ENABLE_OBJC_ARC = YES;
				CLANG_ENABLE_OBJC_WEAK = YES;
				CLANG_WARN_BLOCK_CAPTURE_AUTORELEASING = YES;
				CLANG_WARN_BOOL_CONVERSION = YES;
				CLANG_WARN_COMMA = YES;
				CLANG_WARN_CONSTANT_CONVERSION = YES;
				CLANG_WARN_DEPRECATED_OBJC_IMPLEMENTATIONS = YES;
				CLANG_WARN_DIRECT_OBJC_ISA_USAGE = YES_ERROR;
				CLANG_WARN_DOCUMENTATION_COMMENTS = YES;
				CLANG_WARN_EMPTY_BODY = YES;
				CLANG_WARN_ENUM_CONVERSION = YES;
				CLANG_WARN_INFINITE_RECURSION = YES;
				CLANG_WARN_INT_CONVERSION = YES;
				CLANG_WARN_NON_LITERAL_NULL_CONVERSION = YES;
				CLANG_WARN_OBJC_IMPLICIT_RETAIN_SELF = YES;
				CLANG_WARN_OBJC_LITERAL_CONVERSION = YES;
				CLANG_WARN_OBJC_ROOT_CLASS = YES_ERROR;
				CLANG_WARN_QUOTED_INCLUDE_IN_FRAMEWORK_HEADER = YES;
				CLANG_WARN_RANGE_LOOP_ANALYSIS = YES;
				CLANG_WARN_STRICT_PROTOTYPES = YES;
				CLANG_WARN_SUSPICIOUS_MOVE = YES;
				CLANG_WARN_UNGUARDED_AVAILABILITY = YES_AGGRESSIVE;
				CLANG_WARN_UNREACHABLE_CODE = YES;
				CLANG_WARN__DUPLICATE_METHOD_MATCH = YES;
				COPY_PHASE_STRIP = NO;
				DEBUG_INFORMATION_FORMAT = dwarf;
				ENABLE_STRICT_OBJC_MSGSEND = YES;
				ENABLE_TESTABILITY = YES;
				ENABLE_USER_SCRIPT_SANDBOXING = YES;
				GCC_C_LANGUAGE_STANDARD = gnu17;
				GCC_DYNAMIC_NO_PIC = NO;
				GCC_NO_COMMON_BLOCKS = YES;
				GCC_OPTIMIZATION_LEVEL = 0;
				GCC_PREPROCESSOR_DEFINITIONS = (
					"DEBUG=1",
					"$(inherited)",
				);
				GCC_WARN_64_TO_32_BIT_CONVERSION = YES;
				GCC_WARN_ABOUT_RETURN_TYPE = YES_ERROR;
				GCC_WARN_UNDECLARED_SELECTOR = YES;
				GCC_WARN_UNINITIALIZED_AUTOS = YES_AGGRESSIVE;
				GCC_WARN_UNUSED_FUNCTION = YES;
				GCC_WARN_UNUSED_VARIABLE = YES;
				LOCALIZATION_PREFERS_STRING_CATALOGS = YES;
				MTL_ENABLE_DEBUG_INFO = INCLUDE_SOURCE;
				MTL_FAST_MATH = YES;
				ONLY_ACTIVE_ARCH = YES;
				SDKROOT = macosx;
				SWIFT_ACTIVE_COMPILATION_CONDITIONS = "DEBUG $(inherited)";
				SWIFT_OPTIMIZATION_LEVEL = "-Onone";
			};
			name = Debug;
		};
		E02042D92C6582DF0088BB34 /* Release */ = {
			isa = XCBuildConfiguration;
			baseConfigurationReference = E02042DE2C65831B0088BB34 /* SampleCode.xcconfig */;
			buildSettings = {
				ALWAYS_SEARCH_USER_PATHS = NO;
				ASSETCATALOG_COMPILER_GENERATE_SWIFT_ASSET_SYMBOL_EXTENSIONS = YES;
				CLANG_ANALYZER_NONNULL = YES;
				CLANG_ANALYZER_NUMBER_OBJECT_CONVERSION = YES_AGGRESSIVE;
				CLANG_CXX_LANGUAGE_STANDARD = "gnu++20";
				CLANG_ENABLE_MODULES = YES;
				CLANG_ENABLE_OBJC_ARC = YES;
				CLANG_ENABLE_OBJC_WEAK = YES;
				CLANG_WARN_BLOCK_CAPTURE_AUTORELEASING = YES;
				CLANG_WARN_BOOL_CONVERSION = YES;
				CLANG_WARN_COMMA = YES;
				CLANG_WARN_CONSTANT_CONVERSION = YES;
				CLANG_WARN_DEPRECATED_OBJC_IMPLEMENTATIONS = YES;
				CLANG_WARN_DIRECT_OBJC_ISA_USAGE = YES_ERROR;
				CLANG_WARN_DOCUMENTATION_COMMENTS = YES;
				CLANG_WARN_EMPTY_BODY = YES;
				CLANG_WARN_ENUM_CONVERSION = YES;
				CLANG_WARN_INFINITE_RECURSION = YES;
				CLANG_WARN_INT_CONVERSION = YES;
				CLANG_WARN_NON_LITERAL_NULL_CONVERSION = YES;
				CLANG_WARN_OBJC_IMPLICIT_RETAIN_SELF = YES;
				CLANG_WARN_OBJC_LITERAL_CONVERSION = YES;
				CLANG_WARN_OBJC_ROOT_CLASS = YES_ERROR;
				CLANG_WARN_QUOTED_INCLUDE_IN_FRAMEWORK_HEADER = YES;
				CLANG_WARN_RANGE_LOOP_ANALYSIS = YES;
				CLANG_WARN_STRICT_PROTOTYPES = YES;
				CLANG_WARN_SUSPICIOUS_MOVE = YES;
				CLANG_WARN_UNGUARDED_AVAILABILITY = YES_AGGRESSIVE;
				CLANG_WARN_UNREACHABLE_CODE = YES;
				CLANG_WARN__DUPLICATE_METHOD_MATCH = YES;
				COPY_PHASE_STRIP = NO;
				DEBUG_INFORMATION_FORMAT = "dwarf-with-dsym";
				ENABLE_NS_ASSERTIONS = NO;
				ENABLE_STRICT_OBJC_MSGSEND = YES;
				ENABLE_USER_SCRIPT_SANDBOXING = YES;
				GCC_C_LANGUAGE_STANDARD = gnu17;
				GCC_NO_COMMON_BLOCKS = YES;
				GCC_WARN_64_TO_32_BIT_CONVERSION = YES;
				GCC_WARN_ABOUT_RETURN_TYPE = YES_ERROR;
				GCC_WARN_UNDECLARED_SELECTOR = YES;
				GCC_WARN_UNINITIALIZED_AUTOS = YES_AGGRESSIVE;
				GCC_WARN_UNUSED_FUNCTION = YES;
				GCC_WARN_UNUSED_VARIABLE = YES;
				LOCALIZATION_PREFERS_STRING_CATALOGS = YES;
				MTL_ENABLE_DEBUG_INFO = NO;
				MTL_FAST_MATH = YES;
				SDKROOT = macosx;
				SWIFT_COMPILATION_MODE = wholemodule;
			};
			name = Release;
		};
		E02042DB2C6582DF0088BB34 /* Debug */ = {
			isa = XCBuildConfiguration;
			baseConfigurationReference = E02042DE2C65831B0088BB34 /* SampleCode.xcconfig */;
			buildSettings = {
				CODE_SIGN_STYLE = Automatic;
				PRODUCT_BUNDLE_IDENTIFIER = "com.example.okta-sample.DeviceAuthSignIn${SAMPLE_CODE_DISAMBIGUATOR}";
				PRODUCT_NAME = "$(TARGET_NAME)";
				SWIFT_VERSION = 5.0;
			};
			name = Debug;
		};
		E02042DC2C6582DF0088BB34 /* Release */ = {
			isa = XCBuildConfiguration;
			baseConfigurationReference = E02042DE2C65831B0088BB34 /* SampleCode.xcconfig */;
			buildSettings = {
				CODE_SIGN_STYLE = Automatic;
				PRODUCT_BUNDLE_IDENTIFIER = "com.example.okta-sample.DeviceAuthSignIn${SAMPLE_CODE_DISAMBIGUATOR}";
				PRODUCT_NAME = "$(TARGET_NAME)";
				SWIFT_VERSION = 5.0;
			};
			name = Release;
		};
/* End XCBuildConfiguration section */

/* Begin XCConfigurationList section */
		E02042CE2C6582DF0088BB34 /* Build configuration list for PBXProject "JWTSignIn" */ = {
			isa = XCConfigurationList;
			buildConfigurations = (
				E02042D82C6582DF0088BB34 /* Debug */,
				E02042D92C6582DF0088BB34 /* Release */,
			);
			defaultConfigurationIsVisible = 0;
			defaultConfigurationName = Release;
		};
		E02042DA2C6582DF0088BB34 /* Build configuration list for PBXNativeTarget "JWTSignIn" */ = {
			isa = XCConfigurationList;
			buildConfigurations = (
				E02042DB2C6582DF0088BB34 /* Debug */,
				E02042DC2C6582DF0088BB34 /* Release */,
			);
			defaultConfigurationIsVisible = 0;
			defaultConfigurationName = Release;
		};
/* End XCConfigurationList section */

/* Begin XCRemoteSwiftPackageReference section */
		E02042DF2C6585090088BB34 /* XCRemoteSwiftPackageReference "swift-argument-parser" */ = {
			isa = XCRemoteSwiftPackageReference;
			repositoryURL = "https://github.com/apple/swift-argument-parser.git";
			requirement = {
				kind = upToNextMajorVersion;
				minimumVersion = 1.5.0;
			};
		};
/* End XCRemoteSwiftPackageReference section */

/* Begin XCSwiftPackageProductDependency section */
		E02042E02C6585090088BB34 /* ArgumentParser */ = {
			isa = XCSwiftPackageProductDependency;
			package = E02042DF2C6585090088BB34 /* XCRemoteSwiftPackageReference "swift-argument-parser" */;
			productName = ArgumentParser;
		};
		E02042E32C6585200088BB34 /* AuthFoundation */ = {
			isa = XCSwiftPackageProductDependency;
			productName = AuthFoundation;
		};
		E02042E52C6585200088BB34 /* OktaOAuth2 */ = {
			isa = XCSwiftPackageProductDependency;
			productName = OktaOAuth2;
		};
/* End XCSwiftPackageProductDependency section */
	};
	rootObject = E02042CB2C6582DF0088BB34 /* Project object */;
}
