// !$*UTF8*$!
{
	archiveVersion = 1;
	classes = {
	};
	objectVersion = 55;
	objects = {

/* Begin PBXBuildFile section */
		96B3DBD227FF6F0F004C3BA7 /* main+Extensions.swift in Sources */ = {isa = PBXBuildFile; fileRef = 96B3DBD127FF6F0F004C3BA7 /* main+Extensions.swift */; };
		96D66FBE27EB870500AE89AD /* main.swift in Sources */ = {isa = PBXBuildFile; fileRef = 96D66FBD27EB870500AE89AD /* main.swift */; };
		96D66FC727EB87A200AE89AD /* AuthFoundation in Frameworks */ = {isa = PBXBuildFile; productRef = 96D66FC627EB87A200AE89AD /* AuthFoundation */; };
		96D66FC927EB87A200AE89AD /* OktaOAuth2 in Frameworks */ = {isa = PBXBuildFile; productRef = 96D66FC827EB87A200AE89AD /* OktaOAuth2 */; };
		96D66FCC27EB87CE00AE89AD /* ArgumentParser in Frameworks */ = {isa = PBXBuildFile; productRef = 96D66FCB27EB87CE00AE89AD /* ArgumentParser */; };
		96E98AB4282979A500CE251E /* SignInTests.swift in Sources */ = {isa = PBXBuildFile; fileRef = 96E98AB3282979A500CE251E /* SignInTests.swift */; };
		96E98ABC2829EE2C00CE251E /* Command.swift in Sources */ = {isa = PBXBuildFile; fileRef = 96E98ABB2829EE2C00CE251E /* Command.swift */; };
/* End PBXBuildFile section */

/* Begin PBXContainerItemProxy section */
		96E98AB8282979BC00CE251E /* PBXContainerItemProxy */ = {
			isa = PBXContainerItemProxy;
			containerPortal = 96D66FB227EB870500AE89AD /* Project object */;
			proxyType = 1;
			remoteGlobalIDString = 96D66FB927EB870500AE89AD;
			remoteInfo = "UserPasswordSignIn (macOS)";
		};
/* End PBXContainerItemProxy section */

/* Begin PBXCopyFilesBuildPhase section */
		96D66FB827EB870500AE89AD /* CopyFiles */ = {
			isa = PBXCopyFilesBuildPhase;
			buildActionMask = 2147483647;
			dstPath = /usr/share/man/man1/;
			dstSubfolderSpec = 0;
			files = (
			);
			runOnlyForDeploymentPostprocessing = 1;
		};
/* End PBXCopyFilesBuildPhase section */

/* Begin PBXFileReference section */
		96B3DBD127FF6F0F004C3BA7 /* main+Extensions.swift */ = {isa = PBXFileReference; lastKnownFileType = sourcecode.swift; path = "main+Extensions.swift"; sourceTree = "<group>"; };
		96D66FBA27EB870500AE89AD /* UserPasswordSignIn */ = {isa = PBXFileReference; explicitFileType = "compiled.mach-o.executable"; includeInIndex = 0; path = UserPasswordSignIn; sourceTree = BUILT_PRODUCTS_DIR; };
		96D66FBD27EB870500AE89AD /* main.swift */ = {isa = PBXFileReference; lastKnownFileType = sourcecode.swift; path = main.swift; sourceTree = "<group>"; };
		96D66FC427EB874800AE89AD /* SampleCode.xcconfig */ = {isa = PBXFileReference; lastKnownFileType = text.xcconfig; name = SampleCode.xcconfig; path = ../Shared/SampleCode.xcconfig; sourceTree = "<group>"; };
		96E98AB1282979A500CE251E /* UserPasswordSignIn Tests.xctest */ = {isa = PBXFileReference; explicitFileType = wrapper.cfbundle; includeInIndex = 0; path = "UserPasswordSignIn Tests.xctest"; sourceTree = BUILT_PRODUCTS_DIR; };
		96E98AB3282979A500CE251E /* SignInTests.swift */ = {isa = PBXFileReference; lastKnownFileType = sourcecode.swift; path = SignInTests.swift; sourceTree = "<group>"; };
		96E98ABB2829EE2C00CE251E /* Command.swift */ = {isa = PBXFileReference; lastKnownFileType = sourcecode.swift; path = Command.swift; sourceTree = "<group>"; };
		96E98ABD2829EEBF00CE251E /* TestConfiguration.xcconfig */ = {isa = PBXFileReference; fileEncoding = 4; lastKnownFileType = text.xcconfig; name = TestConfiguration.xcconfig; path = ../Shared/TestConfiguration.xcconfig; sourceTree = "<group>"; };
/* End PBXFileReference section */

/* Begin PBXFrameworksBuildPhase section */
		96D66FB727EB870500AE89AD /* Frameworks */ = {
			isa = PBXFrameworksBuildPhase;
			buildActionMask = 2147483647;
			files = (
				96D66FCC27EB87CE00AE89AD /* ArgumentParser in Frameworks */,
				96D66FC927EB87A200AE89AD /* OktaOAuth2 in Frameworks */,
				96D66FC727EB87A200AE89AD /* AuthFoundation in Frameworks */,
			);
			runOnlyForDeploymentPostprocessing = 0;
		};
		96E98AAE282979A500CE251E /* Frameworks */ = {
			isa = PBXFrameworksBuildPhase;
			buildActionMask = 2147483647;
			files = (
			);
			runOnlyForDeploymentPostprocessing = 0;
		};
/* End PBXFrameworksBuildPhase section */

/* Begin PBXGroup section */
		96D66FB127EB870500AE89AD = {
			isa = PBXGroup;
			children = (
				96D66FBC27EB870500AE89AD /* UserPasswordSignIn (macOS) */,
				96E98AB2282979A500CE251E /* UserPasswordSignIn Tests */,
				96D66FBB27EB870500AE89AD /* Products */,
				96D66FC527EB87A200AE89AD /* Frameworks */,
				96E98ABD2829EEBF00CE251E /* TestConfiguration.xcconfig */,
				96D66FC427EB874800AE89AD /* SampleCode.xcconfig */,
			);
			sourceTree = "<group>";
		};
		96D66FBB27EB870500AE89AD /* Products */ = {
			isa = PBXGroup;
			children = (
				96D66FBA27EB870500AE89AD /* UserPasswordSignIn */,
				96E98AB1282979A500CE251E /* UserPasswordSignIn Tests.xctest */,
			);
			name = Products;
			sourceTree = "<group>";
		};
		96D66FBC27EB870500AE89AD /* UserPasswordSignIn (macOS) */ = {
			isa = PBXGroup;
			children = (
				96D66FBD27EB870500AE89AD /* main.swift */,
				96B3DBD127FF6F0F004C3BA7 /* main+Extensions.swift */,
			);
			path = "UserPasswordSignIn (macOS)";
			sourceTree = "<group>";
		};
		96D66FC527EB87A200AE89AD /* Frameworks */ = {
			isa = PBXGroup;
			children = (
			);
			name = Frameworks;
			sourceTree = "<group>";
		};
		96E98AB2282979A500CE251E /* UserPasswordSignIn Tests */ = {
			isa = PBXGroup;
			children = (
				96E98ABA2829EE2300CE251E /* Utilities */,
				96E98AB3282979A500CE251E /* SignInTests.swift */,
			);
			path = "UserPasswordSignIn Tests";
			sourceTree = "<group>";
		};
		96E98ABA2829EE2300CE251E /* Utilities */ = {
			isa = PBXGroup;
			children = (
				96E98ABB2829EE2C00CE251E /* Command.swift */,
			);
			path = Utilities;
			sourceTree = "<group>";
		};
/* End PBXGroup section */

/* Begin PBXNativeTarget section */
		96D66FB927EB870500AE89AD /* UserPasswordSignIn (macOS) */ = {
			isa = PBXNativeTarget;
			buildConfigurationList = 96D66FC127EB870500AE89AD /* Build configuration list for PBXNativeTarget "UserPasswordSignIn (macOS)" */;
			buildPhases = (
				96D66FB627EB870500AE89AD /* Sources */,
				96D66FB727EB870500AE89AD /* Frameworks */,
				96D66FB827EB870500AE89AD /* CopyFiles */,
			);
			buildRules = (
			);
			dependencies = (
			);
			name = "UserPasswordSignIn (macOS)";
			packageProductDependencies = (
				96D66FC627EB87A200AE89AD /* AuthFoundation */,
				96D66FC827EB87A200AE89AD /* OktaOAuth2 */,
				96D66FCB27EB87CE00AE89AD /* ArgumentParser */,
			);
			productName = "UserPasswordSignIn (macOS)";
			productReference = 96D66FBA27EB870500AE89AD /* UserPasswordSignIn */;
			productType = "com.apple.product-type.tool";
		};
		96E98AB0282979A500CE251E /* UserPasswordSignIn Tests */ = {
			isa = PBXNativeTarget;
			buildConfigurationList = 96E98AB7282979A500CE251E /* Build configuration list for PBXNativeTarget "UserPasswordSignIn Tests" */;
			buildPhases = (
				96E98AAD282979A500CE251E /* Sources */,
				96E98AAE282979A500CE251E /* Frameworks */,
				96E98AAF282979A500CE251E /* Resources */,
			);
			buildRules = (
			);
			dependencies = (
				96E98AB9282979BC00CE251E /* PBXTargetDependency */,
			);
			name = "UserPasswordSignIn Tests";
			productName = "UserPasswordSignIn Tests";
			productReference = 96E98AB1282979A500CE251E /* UserPasswordSignIn Tests.xctest */;
			productType = "com.apple.product-type.bundle.unit-test";
		};
/* End PBXNativeTarget section */

/* Begin PBXProject section */
		96D66FB227EB870500AE89AD /* Project object */ = {
			isa = PBXProject;
			attributes = {
				BuildIndependentTargetsInParallel = 1;
				LastSwiftUpdateCheck = 1330;
				LastUpgradeCheck = 1320;
				TargetAttributes = {
					96D66FB927EB870500AE89AD = {
						CreatedOnToolsVersion = 13.2.1;
					};
					96E98AB0282979A500CE251E = {
						CreatedOnToolsVersion = 13.3;
					};
				};
			};
			buildConfigurationList = 96D66FB527EB870500AE89AD /* Build configuration list for PBXProject "UserPasswordSignIn" */;
			compatibilityVersion = "Xcode 13.0";
			developmentRegion = en;
			hasScannedForEncodings = 0;
			knownRegions = (
				en,
				Base,
			);
			mainGroup = 96D66FB127EB870500AE89AD;
			packageReferences = (
				96D66FCA27EB87CE00AE89AD /* XCRemoteSwiftPackageReference "swift-argument-parser" */,
			);
			productRefGroup = 96D66FBB27EB870500AE89AD /* Products */;
			projectDirPath = "";
			projectRoot = "";
			targets = (
				96D66FB927EB870500AE89AD /* UserPasswordSignIn (macOS) */,
				96E98AB0282979A500CE251E /* UserPasswordSignIn Tests */,
			);
		};
/* End PBXProject section */

/* Begin PBXResourcesBuildPhase section */
		96E98AAF282979A500CE251E /* Resources */ = {
			isa = PBXResourcesBuildPhase;
			buildActionMask = 2147483647;
			files = (
			);
			runOnlyForDeploymentPostprocessing = 0;
		};
/* End PBXResourcesBuildPhase section */

/* Begin PBXSourcesBuildPhase section */
		96D66FB627EB870500AE89AD /* Sources */ = {
			isa = PBXSourcesBuildPhase;
			buildActionMask = 2147483647;
			files = (
				96B3DBD227FF6F0F004C3BA7 /* main+Extensions.swift in Sources */,
				96D66FBE27EB870500AE89AD /* main.swift in Sources */,
			);
			runOnlyForDeploymentPostprocessing = 0;
		};
		96E98AAD282979A500CE251E /* Sources */ = {
			isa = PBXSourcesBuildPhase;
			buildActionMask = 2147483647;
			files = (
				96E98AB4282979A500CE251E /* SignInTests.swift in Sources */,
				96E98ABC2829EE2C00CE251E /* Command.swift in Sources */,
			);
			runOnlyForDeploymentPostprocessing = 0;
		};
/* End PBXSourcesBuildPhase section */

/* Begin PBXTargetDependency section */
		96E98AB9282979BC00CE251E /* PBXTargetDependency */ = {
			isa = PBXTargetDependency;
			target = 96D66FB927EB870500AE89AD /* UserPasswordSignIn (macOS) */;
			targetProxy = 96E98AB8282979BC00CE251E /* PBXContainerItemProxy */;
		};
/* End PBXTargetDependency section */

/* Begin XCBuildConfiguration section */
		96D66FBF27EB870500AE89AD /* Debug */ = {
			isa = XCBuildConfiguration;
			baseConfigurationReference = 96D66FC427EB874800AE89AD /* SampleCode.xcconfig */;
			buildSettings = {
				ALWAYS_SEARCH_USER_PATHS = NO;
				CLANG_ANALYZER_NONNULL = YES;
				CLANG_ANALYZER_NUMBER_OBJECT_CONVERSION = YES_AGGRESSIVE;
				CLANG_CXX_LANGUAGE_STANDARD = "gnu++17";
				CLANG_CXX_LIBRARY = "libc++";
				CLANG_ENABLE_MODULES = YES;
				CLANG_ENABLE_OBJC_ARC = YES;
				CLANG_ENABLE_OBJC_WEAK = YES;
				CLANG_WARN_BLOCK_CAPTURE_AUTORELEASING = YES;
				CLANG_WARN_BOOL_CONVERSION = YES;
				CLANG_WARN_COMMA = YES;
				CLANG_WARN_CONSTANT_CONVERSION = YES;
				CLANG_WARN_DEPRECATED_OBJC_IMPLEMENTATIONS = YES;
				CLANG_WARN_DIRECT_OBJC_ISA_USAGE = YES_ERROR;
				CLANG_WARN_DOCUMENTATION_COMMENTS = YES;
				CLANG_WARN_EMPTY_BODY = YES;
				CLANG_WARN_ENUM_CONVERSION = YES;
				CLANG_WARN_INFINITE_RECURSION = YES;
				CLANG_WARN_INT_CONVERSION = YES;
				CLANG_WARN_NON_LITERAL_NULL_CONVERSION = YES;
				CLANG_WARN_OBJC_IMPLICIT_RETAIN_SELF = YES;
				CLANG_WARN_OBJC_LITERAL_CONVERSION = YES;
				CLANG_WARN_OBJC_ROOT_CLASS = YES_ERROR;
				CLANG_WARN_QUOTED_INCLUDE_IN_FRAMEWORK_HEADER = YES;
				CLANG_WARN_RANGE_LOOP_ANALYSIS = YES;
				CLANG_WARN_STRICT_PROTOTYPES = YES;
				CLANG_WARN_SUSPICIOUS_MOVE = YES;
				CLANG_WARN_UNGUARDED_AVAILABILITY = YES_AGGRESSIVE;
				CLANG_WARN_UNREACHABLE_CODE = YES;
				CLANG_WARN__DUPLICATE_METHOD_MATCH = YES;
				COPY_PHASE_STRIP = NO;
				DEBUG_INFORMATION_FORMAT = dwarf;
				ENABLE_STRICT_OBJC_MSGSEND = YES;
				ENABLE_TESTABILITY = YES;
				GCC_C_LANGUAGE_STANDARD = gnu11;
				GCC_DYNAMIC_NO_PIC = NO;
				GCC_NO_COMMON_BLOCKS = YES;
				GCC_OPTIMIZATION_LEVEL = 0;
				GCC_PREPROCESSOR_DEFINITIONS = (
					"DEBUG=1",
					"$(inherited)",
				);
				GCC_WARN_64_TO_32_BIT_CONVERSION = YES;
				GCC_WARN_ABOUT_RETURN_TYPE = YES_ERROR;
				GCC_WARN_UNDECLARED_SELECTOR = YES;
				GCC_WARN_UNINITIALIZED_AUTOS = YES_AGGRESSIVE;
				GCC_WARN_UNUSED_FUNCTION = YES;
				GCC_WARN_UNUSED_VARIABLE = YES;
				MTL_ENABLE_DEBUG_INFO = INCLUDE_SOURCE;
				MTL_FAST_MATH = YES;
				ONLY_ACTIVE_ARCH = YES;
				SDKROOT = macosx;
				SWIFT_ACTIVE_COMPILATION_CONDITIONS = DEBUG;
				SWIFT_OPTIMIZATION_LEVEL = "-Onone";
			};
			name = Debug;
		};
		96D66FC027EB870500AE89AD /* Release */ = {
			isa = XCBuildConfiguration;
			baseConfigurationReference = 96D66FC427EB874800AE89AD /* SampleCode.xcconfig */;
			buildSettings = {
				ALWAYS_SEARCH_USER_PATHS = NO;
				CLANG_ANALYZER_NONNULL = YES;
				CLANG_ANALYZER_NUMBER_OBJECT_CONVERSION = YES_AGGRESSIVE;
				CLANG_CXX_LANGUAGE_STANDARD = "gnu++17";
				CLANG_CXX_LIBRARY = "libc++";
				CLANG_ENABLE_MODULES = YES;
				CLANG_ENABLE_OBJC_ARC = YES;
				CLANG_ENABLE_OBJC_WEAK = YES;
				CLANG_WARN_BLOCK_CAPTURE_AUTORELEASING = YES;
				CLANG_WARN_BOOL_CONVERSION = YES;
				CLANG_WARN_COMMA = YES;
				CLANG_WARN_CONSTANT_CONVERSION = YES;
				CLANG_WARN_DEPRECATED_OBJC_IMPLEMENTATIONS = YES;
				CLANG_WARN_DIRECT_OBJC_ISA_USAGE = YES_ERROR;
				CLANG_WARN_DOCUMENTATION_COMMENTS = YES;
				CLANG_WARN_EMPTY_BODY = YES;
				CLANG_WARN_ENUM_CONVERSION = YES;
				CLANG_WARN_INFINITE_RECURSION = YES;
				CLANG_WARN_INT_CONVERSION = YES;
				CLANG_WARN_NON_LITERAL_NULL_CONVERSION = YES;
				CLANG_WARN_OBJC_IMPLICIT_RETAIN_SELF = YES;
				CLANG_WARN_OBJC_LITERAL_CONVERSION = YES;
				CLANG_WARN_OBJC_ROOT_CLASS = YES_ERROR;
				CLANG_WARN_QUOTED_INCLUDE_IN_FRAMEWORK_HEADER = YES;
				CLANG_WARN_RANGE_LOOP_ANALYSIS = YES;
				CLANG_WARN_STRICT_PROTOTYPES = YES;
				CLANG_WARN_SUSPICIOUS_MOVE = YES;
				CLANG_WARN_UNGUARDED_AVAILABILITY = YES_AGGRESSIVE;
				CLANG_WARN_UNREACHABLE_CODE = YES;
				CLANG_WARN__DUPLICATE_METHOD_MATCH = YES;
				COPY_PHASE_STRIP = NO;
				DEBUG_INFORMATION_FORMAT = "dwarf-with-dsym";
				ENABLE_NS_ASSERTIONS = NO;
				ENABLE_STRICT_OBJC_MSGSEND = YES;
				GCC_C_LANGUAGE_STANDARD = gnu11;
				GCC_NO_COMMON_BLOCKS = YES;
				GCC_WARN_64_TO_32_BIT_CONVERSION = YES;
				GCC_WARN_ABOUT_RETURN_TYPE = YES_ERROR;
				GCC_WARN_UNDECLARED_SELECTOR = YES;
				GCC_WARN_UNINITIALIZED_AUTOS = YES_AGGRESSIVE;
				GCC_WARN_UNUSED_FUNCTION = YES;
				GCC_WARN_UNUSED_VARIABLE = YES;
				MTL_ENABLE_DEBUG_INFO = NO;
				MTL_FAST_MATH = YES;
				SDKROOT = macosx;
				SWIFT_COMPILATION_MODE = wholemodule;
				SWIFT_OPTIMIZATION_LEVEL = "-O";
			};
			name = Release;
		};
		96D66FC227EB870500AE89AD /* Debug */ = {
			isa = XCBuildConfiguration;
			baseConfigurationReference = 96D66FC427EB874800AE89AD /* SampleCode.xcconfig */;
			buildSettings = {
				"CODE_SIGN_IDENTITY[sdk=macosx*]" = "-";
				CODE_SIGN_STYLE = Automatic;
				MACOSX_DEPLOYMENT_TARGET = 14.6;
				OTHER_SWIFT_FLAGS = "-parse-as-library";
				PRODUCT_BUNDLE_IDENTIFIER = "com.example.okta-sample.DeviceAuthSignIn${SAMPLE_CODE_DISAMBIGUATOR}";
				PRODUCT_NAME = UserPasswordSignIn;
				SWIFT_VERSION = 5.0;
			};
			name = Debug;
		};
		96D66FC327EB870500AE89AD /* Release */ = {
			isa = XCBuildConfiguration;
			baseConfigurationReference = 96D66FC427EB874800AE89AD /* SampleCode.xcconfig */;
			buildSettings = {
				"CODE_SIGN_IDENTITY[sdk=macosx*]" = "-";
				CODE_SIGN_STYLE = Automatic;
				MACOSX_DEPLOYMENT_TARGET = 14.6;
				OTHER_SWIFT_FLAGS = "-parse-as-library";
				PRODUCT_BUNDLE_IDENTIFIER = "com.example.okta-sample.DeviceAuthSignIn${SAMPLE_CODE_DISAMBIGUATOR}";
				PRODUCT_NAME = UserPasswordSignIn;
				SWIFT_VERSION = 5.0;
			};
			name = Release;
		};
		96E98AB5282979A500CE251E /* Debug */ = {
			isa = XCBuildConfiguration;
			baseConfigurationReference = 96E98ABD2829EEBF00CE251E /* TestConfiguration.xcconfig */;
			buildSettings = {
				CODE_SIGN_STYLE = Automatic;
				CURRENT_PROJECT_VERSION = 1;
				GENERATE_INFOPLIST_FILE = YES;
				MACOSX_DEPLOYMENT_TARGET = 14.6;
				MARKETING_VERSION = 1.0;
				PRODUCT_BUNDLE_IDENTIFIER = "com.example.okta-sample.UserPasswordSignIn-Tests";
				PRODUCT_NAME = "$(TARGET_NAME)";
				SWIFT_EMIT_LOC_STRINGS = NO;
				SWIFT_VERSION = 5.0;
			};
			name = Debug;
		};
		96E98AB6282979A500CE251E /* Release */ = {
			isa = XCBuildConfiguration;
			baseConfigurationReference = 96E98ABD2829EEBF00CE251E /* TestConfiguration.xcconfig */;
			buildSettings = {
				CODE_SIGN_STYLE = Automatic;
				CURRENT_PROJECT_VERSION = 1;
				GENERATE_INFOPLIST_FILE = YES;
				MACOSX_DEPLOYMENT_TARGET = 14.6;
				MARKETING_VERSION = 1.0;
				PRODUCT_BUNDLE_IDENTIFIER = "com.example.okta-sample.UserPasswordSignIn-Tests";
				PRODUCT_NAME = "$(TARGET_NAME)";
				SWIFT_EMIT_LOC_STRINGS = NO;
				SWIFT_VERSION = 5.0;
			};
			name = Release;
		};
/* End XCBuildConfiguration section */

/* Begin XCConfigurationList section */
		96D66FB527EB870500AE89AD /* Build configuration list for PBXProject "UserPasswordSignIn" */ = {
			isa = XCConfigurationList;
			buildConfigurations = (
				96D66FBF27EB870500AE89AD /* Debug */,
				96D66FC027EB870500AE89AD /* Release */,
			);
			defaultConfigurationIsVisible = 0;
			defaultConfigurationName = Release;
		};
		96D66FC127EB870500AE89AD /* Build configuration list for PBXNativeTarget "UserPasswordSignIn (macOS)" */ = {
			isa = XCConfigurationList;
			buildConfigurations = (
				96D66FC227EB870500AE89AD /* Debug */,
				96D66FC327EB870500AE89AD /* Release */,
			);
			defaultConfigurationIsVisible = 0;
			defaultConfigurationName = Release;
		};
		96E98AB7282979A500CE251E /* Build configuration list for PBXNativeTarget "UserPasswordSignIn Tests" */ = {
			isa = XCConfigurationList;
			buildConfigurations = (
				96E98AB5282979A500CE251E /* Debug */,
				96E98AB6282979A500CE251E /* Release */,
			);
			defaultConfigurationIsVisible = 0;
			defaultConfigurationName = Release;
		};
/* End XCConfigurationList section */

/* Begin XCRemoteSwiftPackageReference section */
		96D66FCA27EB87CE00AE89AD /* XCRemoteSwiftPackageReference "swift-argument-parser" */ = {
			isa = XCRemoteSwiftPackageReference;
			repositoryURL = "https://github.com/apple/swift-argument-parser.git";
			requirement = {
				kind = upToNextMajorVersion;
				minimumVersion = 1.1.1;
			};
		};
/* End XCRemoteSwiftPackageReference section */

/* Begin XCSwiftPackageProductDependency section */
		96D66FC627EB87A200AE89AD /* AuthFoundation */ = {
			isa = XCSwiftPackageProductDependency;
			productName = AuthFoundation;
		};
		96D66FC827EB87A200AE89AD /* OktaOAuth2 */ = {
			isa = XCSwiftPackageProductDependency;
			productName = OktaOAuth2;
		};
		96D66FCB27EB87CE00AE89AD /* ArgumentParser */ = {
			isa = XCSwiftPackageProductDependency;
			package = 96D66FCA27EB87CE00AE89AD /* XCRemoteSwiftPackageReference "swift-argument-parser" */;
			productName = ArgumentParser;
		};
/* End XCSwiftPackageProductDependency section */
	};
	rootObject = 96D66FB227EB870500AE89AD /* Project object */;
}
