// !$*UTF8*$!
{
	archiveVersion = 1;
	classes = {
	};
	objectVersion = 52;
	objects = {

/* Begin PBXBuildFile section */
		9209C14026725FD000CC1DD5 /* UserInfoPage.swift in Sources */ = {isa = PBXBuildFile; fileRef = 9209C13E26724C8600CC1DD5 /* UserInfoPage.swift */; };
		920B9DB8266A861F00D38A8C /* UsernameRecoveryFormPage.swift in Sources */ = {isa = PBXBuildFile; fileRef = 920B9DB7266A861F00D38A8C /* UsernameRecoveryFormPage.swift */; };
		920B9DBC266A863600D38A8C /* RecoveryMethodPage.swift in Sources */ = {isa = PBXBuildFile; fileRef = 920B9DBB266A863600D38A8C /* RecoveryMethodPage.swift */; };
		920B9DC0266A867E00D38A8C /* PasscodeFormPage.swift in Sources */ = {isa = PBXBuildFile; fileRef = 920B9DBF266A867E00D38A8C /* PasscodeFormPage.swift */; };
		920B9DC6266A87C600D38A8C /* NewPasswordFormPage.swift in Sources */ = {isa = PBXBuildFile; fileRef = 920B9DC5266A87C600D38A8C /* NewPasswordFormPage.swift */; };
		920B9DCA266A887E00D38A8C /* FactorsEnrollmentPage.swift in Sources */ = {isa = PBXBuildFile; fileRef = 920B9DC9266A887E00D38A8C /* FactorsEnrollmentPage.swift */; };
		920B9DCE266A8E0E00D38A8C /* RegistrationFormPage.swift in Sources */ = {isa = PBXBuildFile; fileRef = 920B9DCD266A8E0E00D38A8C /* RegistrationFormPage.swift */; };
		920B9DD4266A90B800D38A8C /* PhoneFormPage.swift in Sources */ = {isa = PBXBuildFile; fileRef = 920B9DD3266A90B800D38A8C /* PhoneFormPage.swift */; };
		922820F526650FAA00AC66E9 /* PasscodeScenarioTests.swift in Sources */ = {isa = PBXBuildFile; fileRef = 964F747425A3E5F3003EE300 /* PasscodeScenarioTests.swift */; };
		9234CCEE2668D5E90033564D /* PhoneMFAScenarioTests.swift in Sources */ = {isa = PBXBuildFile; fileRef = 9234CCED2668D5E90033564D /* PhoneMFAScenarioTests.swift */; };
		9234CCFB266A4D650033564D /* EmailMFALoginScenarioTests.swift in Sources */ = {isa = PBXBuildFile; fileRef = 9234CCFA266A4D650033564D /* EmailMFALoginScenarioTests.swift */; };
		923EF0242677A39E0020011A /* SocialAuthTests.swift in Sources */ = {isa = PBXBuildFile; fileRef = 923EF0232677A39E0020011A /* SocialAuthTests.swift */; };
		923EF0262677B60E0020011A /* AuthorizationWebPage.swift in Sources */ = {isa = PBXBuildFile; fileRef = 923EF0252677B60E0020011A /* AuthorizationWebPage.swift */; };
		92638C9E2678DC3600C98CE5 /* SocialAuthScenarioValidator.swift in Sources */ = {isa = PBXBuildFile; fileRef = 92638C9D2678DC3600C98CE5 /* SocialAuthScenarioValidator.swift */; };
		928B7C72266A7F2D006DF45A /* SignInFormPage.swift in Sources */ = {isa = PBXBuildFile; fileRef = 928B7C71266A7F2D006DF45A /* SignInFormPage.swift */; };
		928CF05E2670F53600DAAB4C /* AuthenticationScenarioTests.swift in Sources */ = {isa = PBXBuildFile; fileRef = 928CF05D2670F53600DAAB4C /* AuthenticationScenarioTests.swift */; };
		92B559C5266628D600AB566F /* SelfServiceRegistrationScenarioTests.swift in Sources */ = {isa = PBXBuildFile; fileRef = 96C51E9225BA591F007A2519 /* SelfServiceRegistrationScenarioTests.swift */; };
		92B559C826662AA300AB566F /* ResetTransactionScenarioTests.swift in Sources */ = {isa = PBXBuildFile; fileRef = 96F8B35E25BF5A9400DAECDC /* ResetTransactionScenarioTests.swift */; };
		92B559D226667A7D00AB566F /* ResetPasswordScenarioTests.swift in Sources */ = {isa = PBXBuildFile; fileRef = 92B559D126667A7D00AB566F /* ResetPasswordScenarioTests.swift */; };
		9611F2C52672C7CC0013FAE1 /* OktaSdk.framework in Frameworks */ = {isa = PBXBuildFile; fileRef = 9611F2C42672C7CC0013FAE1 /* OktaSdk.framework */; };
		9611F2CB2672CAEE0013FAE1 /* OktaSdk.framework in CopyFiles */ = {isa = PBXBuildFile; fileRef = 9611F2C42672C7CC0013FAE1 /* OktaSdk.framework */; settings = {ATTRIBUTES = (RemoveHeadersOnCopy, ); }; };
		9611F2D12672CB3C0013FAE1 /* AnyCodable.framework in Frameworks */ = {isa = PBXBuildFile; fileRef = 9611F2D02672CB3C0013FAE1 /* AnyCodable.framework */; platformFilter = ios; };
		9611F2D22672CB460013FAE1 /* AnyCodable.framework in CopyFiles */ = {isa = PBXBuildFile; fileRef = 9611F2D02672CB3C0013FAE1 /* AnyCodable.framework */; platformFilter = ios; settings = {ATTRIBUTES = (RemoveHeadersOnCopy, ); }; };
		961B713A266D901400A3A4A2 /* ActivateDeactivatePolicy.swift in Sources */ = {isa = PBXBuildFile; fileRef = 961B7139266D901400A3A4A2 /* ActivateDeactivatePolicy.swift */; };
		964D59EE2657121000DDBCBB /* Notifications.swift in Sources */ = {isa = PBXBuildFile; fileRef = 964D59ED2657121000DDBCBB /* Notifications.swift */; };
		964D59F226580AA600DDBCBB /* SigninCoordinator.swift in Sources */ = {isa = PBXBuildFile; fileRef = 964D59F126580AA600DDBCBB /* SigninCoordinator.swift */; };
		964D59FC26580E3300DDBCBB /* Okta.plist in Resources */ = {isa = PBXBuildFile; fileRef = 964D59FB26580E3300DDBCBB /* Okta.plist */; };
		964D5A03265819A900DDBCBB /* ProfileTableViewController.swift in Sources */ = {isa = PBXBuildFile; fileRef = 964D5A02265819A900DDBCBB /* ProfileTableViewController.swift */; };
		964F745325A3E5F0003EE300 /* AppDelegate.swift in Sources */ = {isa = PBXBuildFile; fileRef = 964F745225A3E5F0003EE300 /* AppDelegate.swift */; };
		964F745525A3E5F0003EE300 /* SceneDelegate.swift in Sources */ = {isa = PBXBuildFile; fileRef = 964F745425A3E5F0003EE300 /* SceneDelegate.swift */; };
		964F745725A3E5F0003EE300 /* ClientConfigurationViewController.swift in Sources */ = {isa = PBXBuildFile; fileRef = 964F745625A3E5F0003EE300 /* ClientConfigurationViewController.swift */; };
		964F745A25A3E5F0003EE300 /* Main.storyboard in Resources */ = {isa = PBXBuildFile; fileRef = 964F745825A3E5F0003EE300 /* Main.storyboard */; };
		964F745C25A3E5F2003EE300 /* Assets.xcassets in Resources */ = {isa = PBXBuildFile; fileRef = 964F745B25A3E5F2003EE300 /* Assets.xcassets */; };
		964F745F25A3E5F2003EE300 /* LaunchScreen.storyboard in Resources */ = {isa = PBXBuildFile; fileRef = 964F745D25A3E5F2003EE300 /* LaunchScreen.storyboard */; };
		964F746A25A3E5F3003EE300 /* EmbeddedAuthTests.swift in Sources */ = {isa = PBXBuildFile; fileRef = 964F746925A3E5F3003EE300 /* EmbeddedAuthTests.swift */; };
		964F748725A3E602003EE300 /* OktaIdx.framework in Frameworks */ = {isa = PBXBuildFile; fileRef = 964F748625A3E602003EE300 /* OktaIdx.framework */; };
		964F748825A3E602003EE300 /* OktaIdx.framework in Embed Frameworks */ = {isa = PBXBuildFile; fileRef = 964F748625A3E602003EE300 /* OktaIdx.framework */; settings = {ATTRIBUTES = (CodeSignOnCopy, RemoveHeadersOnCopy, ); }; };
		9652D9CA25A9142600927FA5 /* UIView+Extensions.swift in Sources */ = {isa = PBXBuildFile; fileRef = 9652D9C925A9142600927FA5 /* UIView+Extensions.swift */; };
		96576C5025A91EEA00B02E3B /* IDXStartViewController.swift in Sources */ = {isa = PBXBuildFile; fileRef = 96576C4F25A91EEA00B02E3B /* IDXStartViewController.swift */; };
		96576C6225ACC53200B02E3B /* IDXGetTokenViewController.swift in Sources */ = {isa = PBXBuildFile; fileRef = 96576C6125ACC53200B02E3B /* IDXGetTokenViewController.swift */; };
		96576C6F25ACDD8A00B02E3B /* IDXSigninController.swift in Sources */ = {isa = PBXBuildFile; fileRef = 96576C6E25ACDD8A00B02E3B /* IDXSigninController.swift */; };
		96576C7F25ACF64B00B02E3B /* IDXSignin.storyboard in Resources */ = {isa = PBXBuildFile; fileRef = 96576C7E25ACF64B00B02E3B /* IDXSignin.storyboard */; };
		96576C8325ACFBEC00B02E3B /* Signin.swift in Sources */ = {isa = PBXBuildFile; fileRef = 96576C8225ACFBEC00B02E3B /* Signin.swift */; };
		96576C8725ACFC5900B02E3B /* TokenDetailViewController.swift in Sources */ = {isa = PBXBuildFile; fileRef = 96576C8625ACFC5900B02E3B /* TokenDetailViewController.swift */; };
		965A112F26547EC1006B784F /* A18NProfile.swift in Sources */ = {isa = PBXBuildFile; fileRef = 965A112E26547EC1006B784F /* A18NProfile.swift */; };
		965A113326547EE9006B784F /* CodeReceiver.swift in Sources */ = {isa = PBXBuildFile; fileRef = 965A113226547EE9006B784F /* CodeReceiver.swift */; };
		9669E16D2748343C00E3057D /* IDXImageTableViewCell.swift in Sources */ = {isa = PBXBuildFile; fileRef = 9669E16C2748343C00E3057D /* IDXImageTableViewCell.swift */; };
		96749AF825B8AC3B002849A0 /* ClientConfiguration.swift in Sources */ = {isa = PBXBuildFile; fileRef = 96749AF725B8AC3B002849A0 /* ClientConfiguration.swift */; };
		96749B0625B8EAAD002849A0 /* XCTest+Extensions.swift in Sources */ = {isa = PBXBuildFile; fileRef = 96749B0525B8EAAD002849A0 /* XCTest+Extensions.swift */; };
		9691E6BF25AF727A000CD02C /* IDXRemediationTableViewController.swift in Sources */ = {isa = PBXBuildFile; fileRef = 9691E6BE25AF7279000CD02C /* IDXRemediationTableViewController.swift */; };
		9691E6C425AF73C4000CD02C /* IDXTextTableViewCell.swift in Sources */ = {isa = PBXBuildFile; fileRef = 9691E6C325AF73C4000CD02C /* IDXTextTableViewCell.swift */; };
		9691E6C825AF73D9000CD02C /* IDXToggleTableViewCell.swift in Sources */ = {isa = PBXBuildFile; fileRef = 9691E6C725AF73D9000CD02C /* IDXToggleTableViewCell.swift */; };
		9691E6CE25AF73F0000CD02C /* IDXButtonTableViewCell.swift in Sources */ = {isa = PBXBuildFile; fileRef = 9691E6CD25AF73F0000CD02C /* IDXButtonTableViewCell.swift */; };
		9691E6D225AF740A000CD02C /* IDXOptionTableViewCell.swift in Sources */ = {isa = PBXBuildFile; fileRef = 9691E6D125AF740A000CD02C /* IDXOptionTableViewCell.swift */; };
		96AA246A2656D29F000649ED /* UserManager.swift in Sources */ = {isa = PBXBuildFile; fileRef = 96AA24692656D29F000649ED /* UserManager.swift */; };
		96AA246F2656DD5A000649ED /* IDXClient+Extensions.swift in Sources */ = {isa = PBXBuildFile; fileRef = 96AA246E2656DD5A000649ED /* IDXClient+Extensions.swift */; };
		96AA247C2656E2A6000649ED /* FooterView.swift in Sources */ = {isa = PBXBuildFile; fileRef = 96AA24792656E2A5000649ED /* FooterView.swift */; };
		96AA247E2656E2A6000649ED /* SignInButton.swift in Sources */ = {isa = PBXBuildFile; fileRef = 96AA247B2656E2A6000649ED /* SignInButton.swift */; };
		96AA24842656E2AF000649ED /* UIView+IBExtensions.swift in Sources */ = {isa = PBXBuildFile; fileRef = 96AA24822656E2AF000649ED /* UIView+IBExtensions.swift */; };
		96AA24852656E2AF000649ED /* CGRect+Extensions.swift in Sources */ = {isa = PBXBuildFile; fileRef = 96AA24832656E2AF000649ED /* CGRect+Extensions.swift */; };
		96AA248B2656E438000649ED /* LandingViewController.swift in Sources */ = {isa = PBXBuildFile; fileRef = 96AA248A2656E438000649ED /* LandingViewController.swift */; };
		96ADA06125B0D173008BF50D /* FormRows.swift in Sources */ = {isa = PBXBuildFile; fileRef = 96ADA06025B0D173008BF50D /* FormRows.swift */; };
		96ADA06725B0F5D5008BF50D /* IDXLabelTableViewCell.swift in Sources */ = {isa = PBXBuildFile; fileRef = 96ADA06625B0F5D5008BF50D /* IDXLabelTableViewCell.swift */; };
		96ADA06D25B111AA008BF50D /* IDXMessageTableViewCell.swift in Sources */ = {isa = PBXBuildFile; fileRef = 96ADA06C25B111AA008BF50D /* IDXMessageTableViewCell.swift */; };
		96E0A78D260500080002933C /* IDXSeparatorTableViewCell.swift in Sources */ = {isa = PBXBuildFile; fileRef = 96E0A78C260500080002933C /* IDXSeparatorTableViewCell.swift */; };
		96E0A791260505F30002933C /* IDXTitleTableViewCell.swift in Sources */ = {isa = PBXBuildFile; fileRef = 96E0A790260505F30002933C /* IDXTitleTableViewCell.swift */; };
		96E339B4266A9136000E0B0F /* Scenario.swift in Sources */ = {isa = PBXBuildFile; fileRef = 96E339B3266A9136000E0B0F /* Scenario.swift */; };
		96E339B9266A9151000E0B0F /* PasscodeScenarioValidator.swift in Sources */ = {isa = PBXBuildFile; fileRef = 96E339B8266A9151000E0B0F /* PasscodeScenarioValidator.swift */; };
		96E339C6266A9B57000E0B0F /* Configuration.swift in Sources */ = {isa = PBXBuildFile; fileRef = 96E339C5266A9B57000E0B0F /* Configuration.swift */; };
		96E339E4266AAE4C000E0B0F /* CreateUser.swift in Sources */ = {isa = PBXBuildFile; fileRef = 96E339E3266AAE4C000E0B0F /* CreateUser.swift */; };
		96E339EC266AAF7F000E0B0F /* DeleteUser.swift in Sources */ = {isa = PBXBuildFile; fileRef = 96E339EB266AAF7F000E0B0F /* DeleteUser.swift */; };
		96F79495266AC67000D340CD /* SelfServiceRegistrationScenarioValidator.swift in Sources */ = {isa = PBXBuildFile; fileRef = 96F79494266AC67000D340CD /* SelfServiceRegistrationScenarioValidator.swift */; };
		96F7949A266AC6F200D340CD /* ScenarioTestCase.swift in Sources */ = {isa = PBXBuildFile; fileRef = 96F79499266AC6F200D340CD /* ScenarioTestCase.swift */; };
		96F8B34925BB556500DAECDC /* IDXPickerTableViewCell.swift in Sources */ = {isa = PBXBuildFile; fileRef = 96F8B34825BB556500DAECDC /* IDXPickerTableViewCell.swift */; };
/* End PBXBuildFile section */

/* Begin PBXContainerItemProxy section */
		964F746625A3E5F3003EE300 /* PBXContainerItemProxy */ = {
			isa = PBXContainerItemProxy;
			containerPortal = 964F744725A3E5F0003EE300 /* Project object */;
			proxyType = 1;
			remoteGlobalIDString = 964F744E25A3E5F0003EE300;
			remoteInfo = EmbeddedAuth;
		};
		964F747125A3E5F3003EE300 /* PBXContainerItemProxy */ = {
			isa = PBXContainerItemProxy;
			containerPortal = 964F744725A3E5F0003EE300 /* Project object */;
			proxyType = 1;
			remoteGlobalIDString = 964F744E25A3E5F0003EE300;
			remoteInfo = EmbeddedAuth;
		};
/* End PBXContainerItemProxy section */

/* Begin PBXCopyFilesBuildPhase section */
		9611F2CA2672CAE50013FAE1 /* CopyFiles */ = {
			isa = PBXCopyFilesBuildPhase;
			buildActionMask = 2147483647;
			dstPath = "";
			dstSubfolderSpec = 10;
			files = (
				9611F2CB2672CAEE0013FAE1 /* OktaSdk.framework in CopyFiles */,
				9611F2D22672CB460013FAE1 /* AnyCodable.framework in CopyFiles */,
			);
			runOnlyForDeploymentPostprocessing = 0;
		};
		964F748925A3E602003EE300 /* Embed Frameworks */ = {
			isa = PBXCopyFilesBuildPhase;
			buildActionMask = 2147483647;
			dstPath = "";
			dstSubfolderSpec = 10;
			files = (
				964F748825A3E602003EE300 /* OktaIdx.framework in Embed Frameworks */,
			);
			name = "Embed Frameworks";
			runOnlyForDeploymentPostprocessing = 0;
		};
/* End PBXCopyFilesBuildPhase section */

/* Begin PBXFileReference section */
		9209C13E26724C8600CC1DD5 /* UserInfoPage.swift */ = {isa = PBXFileReference; lastKnownFileType = sourcecode.swift; path = UserInfoPage.swift; sourceTree = "<group>"; };
		920B9DB7266A861F00D38A8C /* UsernameRecoveryFormPage.swift */ = {isa = PBXFileReference; lastKnownFileType = sourcecode.swift; path = UsernameRecoveryFormPage.swift; sourceTree = "<group>"; };
		920B9DBB266A863600D38A8C /* RecoveryMethodPage.swift */ = {isa = PBXFileReference; lastKnownFileType = sourcecode.swift; path = RecoveryMethodPage.swift; sourceTree = "<group>"; };
		920B9DBF266A867E00D38A8C /* PasscodeFormPage.swift */ = {isa = PBXFileReference; lastKnownFileType = sourcecode.swift; path = PasscodeFormPage.swift; sourceTree = "<group>"; };
		920B9DC5266A87C600D38A8C /* NewPasswordFormPage.swift */ = {isa = PBXFileReference; lastKnownFileType = sourcecode.swift; path = NewPasswordFormPage.swift; sourceTree = "<group>"; };
		920B9DC9266A887E00D38A8C /* FactorsEnrollmentPage.swift */ = {isa = PBXFileReference; lastKnownFileType = sourcecode.swift; path = FactorsEnrollmentPage.swift; sourceTree = "<group>"; };
		920B9DCD266A8E0E00D38A8C /* RegistrationFormPage.swift */ = {isa = PBXFileReference; lastKnownFileType = sourcecode.swift; path = RegistrationFormPage.swift; sourceTree = "<group>"; };
		920B9DD3266A90B800D38A8C /* PhoneFormPage.swift */ = {isa = PBXFileReference; lastKnownFileType = sourcecode.swift; path = PhoneFormPage.swift; sourceTree = "<group>"; };
		9234CCED2668D5E90033564D /* PhoneMFAScenarioTests.swift */ = {isa = PBXFileReference; lastKnownFileType = sourcecode.swift; path = PhoneMFAScenarioTests.swift; sourceTree = "<group>"; };
		9234CCFA266A4D650033564D /* EmailMFALoginScenarioTests.swift */ = {isa = PBXFileReference; lastKnownFileType = sourcecode.swift; path = EmailMFALoginScenarioTests.swift; sourceTree = "<group>"; };
		923EF0232677A39E0020011A /* SocialAuthTests.swift */ = {isa = PBXFileReference; lastKnownFileType = sourcecode.swift; path = SocialAuthTests.swift; sourceTree = "<group>"; };
		923EF0252677B60E0020011A /* AuthorizationWebPage.swift */ = {isa = PBXFileReference; lastKnownFileType = sourcecode.swift; path = AuthorizationWebPage.swift; sourceTree = "<group>"; };
		92638C9D2678DC3600C98CE5 /* SocialAuthScenarioValidator.swift */ = {isa = PBXFileReference; lastKnownFileType = sourcecode.swift; path = SocialAuthScenarioValidator.swift; sourceTree = "<group>"; };
		928B7C71266A7F2D006DF45A /* SignInFormPage.swift */ = {isa = PBXFileReference; lastKnownFileType = sourcecode.swift; path = SignInFormPage.swift; sourceTree = "<group>"; };
		928CF05D2670F53600DAAB4C /* AuthenticationScenarioTests.swift */ = {isa = PBXFileReference; lastKnownFileType = sourcecode.swift; path = AuthenticationScenarioTests.swift; sourceTree = "<group>"; };
		92B559D126667A7D00AB566F /* ResetPasswordScenarioTests.swift */ = {isa = PBXFileReference; lastKnownFileType = sourcecode.swift; path = ResetPasswordScenarioTests.swift; sourceTree = "<group>"; };
		9611F2C42672C7CC0013FAE1 /* OktaSdk.framework */ = {isa = PBXFileReference; lastKnownFileType = wrapper.framework; name = OktaSdk.framework; path = EmbeddedAuthUITests/ExternalDependencies/OktaSdk.framework; sourceTree = "<group>"; };
		9611F2D02672CB3C0013FAE1 /* AnyCodable.framework */ = {isa = PBXFileReference; lastKnownFileType = wrapper.framework; name = AnyCodable.framework; path = EmbeddedAuthUITests/ExternalDependencies/AnyCodable.framework; sourceTree = "<group>"; };
		961B7139266D901400A3A4A2 /* ActivateDeactivatePolicy.swift */ = {isa = PBXFileReference; lastKnownFileType = sourcecode.swift; path = ActivateDeactivatePolicy.swift; sourceTree = "<group>"; };
		962A81B12677C942003BC5E7 /* README.md */ = {isa = PBXFileReference; fileEncoding = 4; lastKnownFileType = net.daringfireball.markdown; path = README.md; sourceTree = "<group>"; };
		964D59ED2657121000DDBCBB /* Notifications.swift */ = {isa = PBXFileReference; lastKnownFileType = sourcecode.swift; path = Notifications.swift; sourceTree = "<group>"; };
		964D59F126580AA600DDBCBB /* SigninCoordinator.swift */ = {isa = PBXFileReference; lastKnownFileType = sourcecode.swift; path = SigninCoordinator.swift; sourceTree = "<group>"; };
		964D59FB26580E3300DDBCBB /* Okta.plist */ = {isa = PBXFileReference; fileEncoding = 4; lastKnownFileType = text.plist.xml; path = Okta.plist; sourceTree = "<group>"; };
		964D5A02265819A900DDBCBB /* ProfileTableViewController.swift */ = {isa = PBXFileReference; lastKnownFileType = sourcecode.swift; path = ProfileTableViewController.swift; sourceTree = "<group>"; };
		964F744F25A3E5F0003EE300 /* EmbeddedAuth.app */ = {isa = PBXFileReference; explicitFileType = wrapper.application; includeInIndex = 0; path = EmbeddedAuth.app; sourceTree = BUILT_PRODUCTS_DIR; };
		964F745225A3E5F0003EE300 /* AppDelegate.swift */ = {isa = PBXFileReference; lastKnownFileType = sourcecode.swift; path = AppDelegate.swift; sourceTree = "<group>"; };
		964F745425A3E5F0003EE300 /* SceneDelegate.swift */ = {isa = PBXFileReference; lastKnownFileType = sourcecode.swift; path = SceneDelegate.swift; sourceTree = "<group>"; };
		964F745625A3E5F0003EE300 /* ClientConfigurationViewController.swift */ = {isa = PBXFileReference; lastKnownFileType = sourcecode.swift; path = ClientConfigurationViewController.swift; sourceTree = "<group>"; };
		964F745925A3E5F0003EE300 /* Base */ = {isa = PBXFileReference; lastKnownFileType = file.storyboard; name = Base; path = Base.lproj/Main.storyboard; sourceTree = "<group>"; };
		964F745B25A3E5F2003EE300 /* Assets.xcassets */ = {isa = PBXFileReference; lastKnownFileType = folder.assetcatalog; path = Assets.xcassets; sourceTree = "<group>"; };
		964F745E25A3E5F2003EE300 /* Base */ = {isa = PBXFileReference; lastKnownFileType = file.storyboard; name = Base; path = Base.lproj/LaunchScreen.storyboard; sourceTree = "<group>"; };
		964F746025A3E5F2003EE300 /* Info.plist */ = {isa = PBXFileReference; lastKnownFileType = text.plist.xml; path = Info.plist; sourceTree = "<group>"; };
		964F746525A3E5F3003EE300 /* EmbeddedAuthTests.xctest */ = {isa = PBXFileReference; explicitFileType = wrapper.cfbundle; includeInIndex = 0; path = EmbeddedAuthTests.xctest; sourceTree = BUILT_PRODUCTS_DIR; };
		964F746925A3E5F3003EE300 /* EmbeddedAuthTests.swift */ = {isa = PBXFileReference; lastKnownFileType = sourcecode.swift; path = EmbeddedAuthTests.swift; sourceTree = "<group>"; };
		964F746B25A3E5F3003EE300 /* Info.plist */ = {isa = PBXFileReference; lastKnownFileType = text.plist.xml; path = Info.plist; sourceTree = "<group>"; };
		964F747025A3E5F3003EE300 /* EmbeddedAuthUITests.xctest */ = {isa = PBXFileReference; explicitFileType = wrapper.cfbundle; includeInIndex = 0; path = EmbeddedAuthUITests.xctest; sourceTree = BUILT_PRODUCTS_DIR; };
		964F747425A3E5F3003EE300 /* PasscodeScenarioTests.swift */ = {isa = PBXFileReference; lastKnownFileType = sourcecode.swift; path = PasscodeScenarioTests.swift; sourceTree = "<group>"; };
		964F747625A3E5F3003EE300 /* Info.plist */ = {isa = PBXFileReference; lastKnownFileType = text.plist.xml; path = Info.plist; sourceTree = "<group>"; };
		964F748625A3E602003EE300 /* OktaIdx.framework */ = {isa = PBXFileReference; explicitFileType = wrapper.framework; path = OktaIdx.framework; sourceTree = BUILT_PRODUCTS_DIR; };
		9652D9C925A9142600927FA5 /* UIView+Extensions.swift */ = {isa = PBXFileReference; lastKnownFileType = sourcecode.swift; path = "UIView+Extensions.swift"; sourceTree = "<group>"; };
		96576C4F25A91EEA00B02E3B /* IDXStartViewController.swift */ = {isa = PBXFileReference; lastKnownFileType = sourcecode.swift; path = IDXStartViewController.swift; sourceTree = "<group>"; };
		96576C6125ACC53200B02E3B /* IDXGetTokenViewController.swift */ = {isa = PBXFileReference; lastKnownFileType = sourcecode.swift; path = IDXGetTokenViewController.swift; sourceTree = "<group>"; };
		96576C6E25ACDD8A00B02E3B /* IDXSigninController.swift */ = {isa = PBXFileReference; lastKnownFileType = sourcecode.swift; path = IDXSigninController.swift; sourceTree = "<group>"; };
		96576C7E25ACF64B00B02E3B /* IDXSignin.storyboard */ = {isa = PBXFileReference; lastKnownFileType = file.storyboard; path = IDXSignin.storyboard; sourceTree = "<group>"; };
		96576C8225ACFBEC00B02E3B /* Signin.swift */ = {isa = PBXFileReference; lastKnownFileType = sourcecode.swift; path = Signin.swift; sourceTree = "<group>"; };
		96576C8625ACFC5900B02E3B /* TokenDetailViewController.swift */ = {isa = PBXFileReference; lastKnownFileType = sourcecode.swift; path = TokenDetailViewController.swift; sourceTree = "<group>"; };
		965A112E26547EC1006B784F /* A18NProfile.swift */ = {isa = PBXFileReference; lastKnownFileType = sourcecode.swift; path = A18NProfile.swift; sourceTree = "<group>"; };
		965A113226547EE9006B784F /* CodeReceiver.swift */ = {isa = PBXFileReference; lastKnownFileType = sourcecode.swift; path = CodeReceiver.swift; sourceTree = "<group>"; };
		9669E16C2748343C00E3057D /* IDXImageTableViewCell.swift */ = {isa = PBXFileReference; lastKnownFileType = sourcecode.swift; path = IDXImageTableViewCell.swift; sourceTree = "<group>"; };
		9671EF75269CC7BA00BBE409 /* BasicLogin.swift */ = {isa = PBXFileReference; lastKnownFileType = sourcecode.swift; path = BasicLogin.swift; sourceTree = "<group>"; };
		9671EF79269CF21B00BBE409 /* MultifactorLogin.swift */ = {isa = PBXFileReference; lastKnownFileType = sourcecode.swift; path = MultifactorLogin.swift; sourceTree = "<group>"; };
		9671EF7D269E8D9D00BBE409 /* SocialLogin.swift */ = {isa = PBXFileReference; lastKnownFileType = sourcecode.swift; path = SocialLogin.swift; sourceTree = "<group>"; };
		96749AF725B8AC3B002849A0 /* ClientConfiguration.swift */ = {isa = PBXFileReference; lastKnownFileType = sourcecode.swift; path = ClientConfiguration.swift; sourceTree = "<group>"; };
		96749B0525B8EAAD002849A0 /* XCTest+Extensions.swift */ = {isa = PBXFileReference; lastKnownFileType = sourcecode.swift; path = "XCTest+Extensions.swift"; sourceTree = "<group>"; };
		9691E6BE25AF7279000CD02C /* IDXRemediationTableViewController.swift */ = {isa = PBXFileReference; lastKnownFileType = sourcecode.swift; path = IDXRemediationTableViewController.swift; sourceTree = "<group>"; };
		9691E6C325AF73C4000CD02C /* IDXTextTableViewCell.swift */ = {isa = PBXFileReference; lastKnownFileType = sourcecode.swift; path = IDXTextTableViewCell.swift; sourceTree = "<group>"; };
		9691E6C725AF73D9000CD02C /* IDXToggleTableViewCell.swift */ = {isa = PBXFileReference; lastKnownFileType = sourcecode.swift; path = IDXToggleTableViewCell.swift; sourceTree = "<group>"; };
		9691E6CD25AF73F0000CD02C /* IDXButtonTableViewCell.swift */ = {isa = PBXFileReference; lastKnownFileType = sourcecode.swift; path = IDXButtonTableViewCell.swift; sourceTree = "<group>"; };
		9691E6D125AF740A000CD02C /* IDXOptionTableViewCell.swift */ = {isa = PBXFileReference; lastKnownFileType = sourcecode.swift; path = IDXOptionTableViewCell.swift; sourceTree = "<group>"; };
		96AA24692656D29F000649ED /* UserManager.swift */ = {isa = PBXFileReference; lastKnownFileType = sourcecode.swift; path = UserManager.swift; sourceTree = "<group>"; };
		96AA246E2656DD5A000649ED /* IDXClient+Extensions.swift */ = {isa = PBXFileReference; lastKnownFileType = sourcecode.swift; path = "IDXClient+Extensions.swift"; sourceTree = "<group>"; };
		96AA24792656E2A5000649ED /* FooterView.swift */ = {isa = PBXFileReference; fileEncoding = 4; lastKnownFileType = sourcecode.swift; path = FooterView.swift; sourceTree = "<group>"; };
		96AA247B2656E2A6000649ED /* SignInButton.swift */ = {isa = PBXFileReference; fileEncoding = 4; lastKnownFileType = sourcecode.swift; path = SignInButton.swift; sourceTree = "<group>"; };
		96AA24822656E2AF000649ED /* UIView+IBExtensions.swift */ = {isa = PBXFileReference; fileEncoding = 4; lastKnownFileType = sourcecode.swift; path = "UIView+IBExtensions.swift"; sourceTree = "<group>"; };
		96AA24832656E2AF000649ED /* CGRect+Extensions.swift */ = {isa = PBXFileReference; fileEncoding = 4; lastKnownFileType = sourcecode.swift; path = "CGRect+Extensions.swift"; sourceTree = "<group>"; };
		96AA248A2656E438000649ED /* LandingViewController.swift */ = {isa = PBXFileReference; lastKnownFileType = sourcecode.swift; path = LandingViewController.swift; sourceTree = "<group>"; };
		96ADA06025B0D173008BF50D /* FormRows.swift */ = {isa = PBXFileReference; lastKnownFileType = sourcecode.swift; path = FormRows.swift; sourceTree = "<group>"; };
		96ADA06625B0F5D5008BF50D /* IDXLabelTableViewCell.swift */ = {isa = PBXFileReference; lastKnownFileType = sourcecode.swift; path = IDXLabelTableViewCell.swift; sourceTree = "<group>"; };
		96ADA06C25B111AA008BF50D /* IDXMessageTableViewCell.swift */ = {isa = PBXFileReference; lastKnownFileType = sourcecode.swift; path = IDXMessageTableViewCell.swift; sourceTree = "<group>"; };
		96C51E7E25BA578F007A2519 /* TestCredentials.xcconfig */ = {isa = PBXFileReference; lastKnownFileType = text.xcconfig; name = TestCredentials.xcconfig; path = ../../../TestCredentials.xcconfig; sourceTree = "<group>"; };
		96C51E9225BA591F007A2519 /* SelfServiceRegistrationScenarioTests.swift */ = {isa = PBXFileReference; lastKnownFileType = sourcecode.swift; path = SelfServiceRegistrationScenarioTests.swift; sourceTree = "<group>"; };
		96E0A78C260500080002933C /* IDXSeparatorTableViewCell.swift */ = {isa = PBXFileReference; lastKnownFileType = sourcecode.swift; path = IDXSeparatorTableViewCell.swift; sourceTree = "<group>"; };
		96E0A790260505F30002933C /* IDXTitleTableViewCell.swift */ = {isa = PBXFileReference; lastKnownFileType = sourcecode.swift; path = IDXTitleTableViewCell.swift; sourceTree = "<group>"; };
		96E339B3266A9136000E0B0F /* Scenario.swift */ = {isa = PBXFileReference; lastKnownFileType = sourcecode.swift; path = Scenario.swift; sourceTree = "<group>"; };
		96E339B8266A9151000E0B0F /* PasscodeScenarioValidator.swift */ = {isa = PBXFileReference; lastKnownFileType = sourcecode.swift; path = PasscodeScenarioValidator.swift; sourceTree = "<group>"; };
		96E339C5266A9B57000E0B0F /* Configuration.swift */ = {isa = PBXFileReference; lastKnownFileType = sourcecode.swift; path = Configuration.swift; sourceTree = "<group>"; };
		96E339E3266AAE4C000E0B0F /* CreateUser.swift */ = {isa = PBXFileReference; lastKnownFileType = sourcecode.swift; path = CreateUser.swift; sourceTree = "<group>"; };
		96E339EB266AAF7F000E0B0F /* DeleteUser.swift */ = {isa = PBXFileReference; lastKnownFileType = sourcecode.swift; path = DeleteUser.swift; sourceTree = "<group>"; };
		96F79494266AC67000D340CD /* SelfServiceRegistrationScenarioValidator.swift */ = {isa = PBXFileReference; lastKnownFileType = sourcecode.swift; path = SelfServiceRegistrationScenarioValidator.swift; sourceTree = "<group>"; };
		96F79499266AC6F200D340CD /* ScenarioTestCase.swift */ = {isa = PBXFileReference; lastKnownFileType = sourcecode.swift; path = ScenarioTestCase.swift; sourceTree = "<group>"; };
		96F8B34825BB556500DAECDC /* IDXPickerTableViewCell.swift */ = {isa = PBXFileReference; lastKnownFileType = sourcecode.swift; path = IDXPickerTableViewCell.swift; sourceTree = "<group>"; };
		96F8B35E25BF5A9400DAECDC /* ResetTransactionScenarioTests.swift */ = {isa = PBXFileReference; lastKnownFileType = sourcecode.swift; path = ResetTransactionScenarioTests.swift; sourceTree = "<group>"; };
/* End PBXFileReference section */

/* Begin PBXFrameworksBuildPhase section */
		964F744C25A3E5F0003EE300 /* Frameworks */ = {
			isa = PBXFrameworksBuildPhase;
			buildActionMask = 2147483647;
			files = (
				964F748725A3E602003EE300 /* OktaIdx.framework in Frameworks */,
			);
			runOnlyForDeploymentPostprocessing = 0;
		};
		964F746225A3E5F3003EE300 /* Frameworks */ = {
			isa = PBXFrameworksBuildPhase;
			buildActionMask = 2147483647;
			files = (
			);
			runOnlyForDeploymentPostprocessing = 0;
		};
		964F746D25A3E5F3003EE300 /* Frameworks */ = {
			isa = PBXFrameworksBuildPhase;
			buildActionMask = 2147483647;
			files = (
				9611F2D12672CB3C0013FAE1 /* AnyCodable.framework in Frameworks */,
				9611F2C52672C7CC0013FAE1 /* OktaSdk.framework in Frameworks */,
			);
			runOnlyForDeploymentPostprocessing = 0;
		};
/* End PBXFrameworksBuildPhase section */

/* Begin PBXGroup section */
		928B7C79266A7F44006DF45A /* Pages */ = {
			isa = PBXGroup;
			children = (
				920B9DC9266A887E00D38A8C /* FactorsEnrollmentPage.swift */,
				920B9DC5266A87C600D38A8C /* NewPasswordFormPage.swift */,
				920B9DBF266A867E00D38A8C /* PasscodeFormPage.swift */,
				920B9DD3266A90B800D38A8C /* PhoneFormPage.swift */,
				920B9DBB266A863600D38A8C /* RecoveryMethodPage.swift */,
				920B9DCD266A8E0E00D38A8C /* RegistrationFormPage.swift */,
				928B7C71266A7F2D006DF45A /* SignInFormPage.swift */,
				920B9DB7266A861F00D38A8C /* UsernameRecoveryFormPage.swift */,
				9209C13E26724C8600CC1DD5 /* UserInfoPage.swift */,
				923EF0252677B60E0020011A /* AuthorizationWebPage.swift */,
			);
			path = Pages;
			sourceTree = "<group>";
		};
		964D5A012658198B00DDBCBB /* View Controllers */ = {
			isa = PBXGroup;
			children = (
				964D5A02265819A900DDBCBB /* ProfileTableViewController.swift */,
				964F745625A3E5F0003EE300 /* ClientConfigurationViewController.swift */,
				96AA248A2656E438000649ED /* LandingViewController.swift */,
				96576C8625ACFC5900B02E3B /* TokenDetailViewController.swift */,
			);
			path = "View Controllers";
			sourceTree = "<group>";
		};
		964F744625A3E5F0003EE300 = {
			isa = PBXGroup;
			children = (
				962A81B12677C942003BC5E7 /* README.md */,
				9671EF74269CC62C00BBE409 /* Signin Samples */,
				964F745125A3E5F0003EE300 /* EmbeddedAuth */,
				964F746825A3E5F3003EE300 /* EmbeddedAuthTests */,
				964F747325A3E5F3003EE300 /* EmbeddedAuthUITests */,
				964F745025A3E5F0003EE300 /* Products */,
				964F748525A3E602003EE300 /* Frameworks */,
			);
			sourceTree = "<group>";
		};
		964F745025A3E5F0003EE300 /* Products */ = {
			isa = PBXGroup;
			children = (
				964F744F25A3E5F0003EE300 /* EmbeddedAuth.app */,
				964F746525A3E5F3003EE300 /* EmbeddedAuthTests.xctest */,
				964F747025A3E5F3003EE300 /* EmbeddedAuthUITests.xctest */,
			);
			name = Products;
			sourceTree = "<group>";
		};
		964F745125A3E5F0003EE300 /* EmbeddedAuth */ = {
			isa = PBXGroup;
			children = (
				96576C6B25ACDD4F00B02E3B /* Signin */,
				9652D9C625A90F8F00927FA5 /* Views */,
				964D5A012658198B00DDBCBB /* View Controllers */,
				964F745225A3E5F0003EE300 /* AppDelegate.swift */,
				964F745425A3E5F0003EE300 /* SceneDelegate.swift */,
				96749AF725B8AC3B002849A0 /* ClientConfiguration.swift */,
				964F745825A3E5F0003EE300 /* Main.storyboard */,
				964F745B25A3E5F2003EE300 /* Assets.xcassets */,
				964F745D25A3E5F2003EE300 /* LaunchScreen.storyboard */,
				964F746025A3E5F2003EE300 /* Info.plist */,
				964D59FB26580E3300DDBCBB /* Okta.plist */,
			);
			path = EmbeddedAuth;
			sourceTree = "<group>";
		};
		964F746825A3E5F3003EE300 /* EmbeddedAuthTests */ = {
			isa = PBXGroup;
			children = (
				964F746925A3E5F3003EE300 /* EmbeddedAuthTests.swift */,
				964F746B25A3E5F3003EE300 /* Info.plist */,
			);
			path = EmbeddedAuthTests;
			sourceTree = "<group>";
		};
		964F747325A3E5F3003EE300 /* EmbeddedAuthUITests */ = {
			isa = PBXGroup;
			children = (
				928B7C79266A7F44006DF45A /* Pages */,
				96749B0425B8EA9D002849A0 /* Extensions */,
				965A112726547EB4006B784F /* Utilities */,
				9234CCFA266A4D650033564D /* EmailMFALoginScenarioTests.swift */,
				928CF05D2670F53600DAAB4C /* AuthenticationScenarioTests.swift */,
				964F747425A3E5F3003EE300 /* PasscodeScenarioTests.swift */,
				9234CCED2668D5E90033564D /* PhoneMFAScenarioTests.swift */,
				92B559D126667A7D00AB566F /* ResetPasswordScenarioTests.swift */,
				96F8B35E25BF5A9400DAECDC /* ResetTransactionScenarioTests.swift */,
				96C51E9225BA591F007A2519 /* SelfServiceRegistrationScenarioTests.swift */,
				923EF0232677A39E0020011A /* SocialAuthTests.swift */,
				964F747625A3E5F3003EE300 /* Info.plist */,
				96C51E7E25BA578F007A2519 /* TestCredentials.xcconfig */,
			);
			path = EmbeddedAuthUITests;
			sourceTree = "<group>";
		};
		964F748525A3E602003EE300 /* Frameworks */ = {
			isa = PBXGroup;
			children = (
				9611F2D02672CB3C0013FAE1 /* AnyCodable.framework */,
				9611F2C42672C7CC0013FAE1 /* OktaSdk.framework */,
				964F748625A3E602003EE300 /* OktaIdx.framework */,
			);
			name = Frameworks;
			sourceTree = "<group>";
		};
		9652D9C625A90F8F00927FA5 /* Views */ = {
			isa = PBXGroup;
			children = (
				96AA24812656E2AF000649ED /* Extensions */,
				96AA24792656E2A5000649ED /* FooterView.swift */,
				96AA247B2656E2A6000649ED /* SignInButton.swift */,
			);
			path = Views;
			sourceTree = "<group>";
		};
		96576C6B25ACDD4F00B02E3B /* Signin */ = {
			isa = PBXGroup;
			children = (
				96AA246D2656DD4D000649ED /* Extensions */,
				96ADA05F25B0D15D008BF50D /* View Model */,
				9691E6C225AF7328000CD02C /* TableView Cells */,
				96576C6D25ACDD6C00B02E3B /* View Controllers */,
				96576C6C25ACDD5A00B02E3B /* Protocols */,
				96576C8225ACFBEC00B02E3B /* Signin.swift */,
				96AA24692656D29F000649ED /* UserManager.swift */,
				964D59F126580AA600DDBCBB /* SigninCoordinator.swift */,
			);
			path = Signin;
			sourceTree = "<group>";
		};
		96576C6C25ACDD5A00B02E3B /* Protocols */ = {
			isa = PBXGroup;
			children = (
				96576C6E25ACDD8A00B02E3B /* IDXSigninController.swift */,
			);
			path = Protocols;
			sourceTree = "<group>";
		};
		96576C6D25ACDD6C00B02E3B /* View Controllers */ = {
			isa = PBXGroup;
			children = (
				96576C7E25ACF64B00B02E3B /* IDXSignin.storyboard */,
				96576C4F25A91EEA00B02E3B /* IDXStartViewController.swift */,
				96576C6125ACC53200B02E3B /* IDXGetTokenViewController.swift */,
				9691E6BE25AF7279000CD02C /* IDXRemediationTableViewController.swift */,
			);
			path = "View Controllers";
			sourceTree = "<group>";
		};
		965A112726547EB4006B784F /* Utilities */ = {
			isa = PBXGroup;
			children = (
				96E339E2266AAE3F000E0B0F /* Default Actions */,
				96E3368F26699ADB000E0B0F /* Scenario Configurations */,
				965A112E26547EC1006B784F /* A18NProfile.swift */,
				965A113226547EE9006B784F /* CodeReceiver.swift */,
				96E339B3266A9136000E0B0F /* Scenario.swift */,
			);
			path = Utilities;
			sourceTree = "<group>";
		};
		9671EF74269CC62C00BBE409 /* Signin Samples */ = {
			isa = PBXGroup;
			children = (
				9671EF75269CC7BA00BBE409 /* BasicLogin.swift */,
				9671EF79269CF21B00BBE409 /* MultifactorLogin.swift */,
				9671EF7D269E8D9D00BBE409 /* SocialLogin.swift */,
			);
			name = "Signin Samples";
			path = "../Signin Samples";
			sourceTree = "<group>";
		};
		96749B0425B8EA9D002849A0 /* Extensions */ = {
			isa = PBXGroup;
			children = (
				96749B0525B8EAAD002849A0 /* XCTest+Extensions.swift */,
				96F79499266AC6F200D340CD /* ScenarioTestCase.swift */,
			);
			path = Extensions;
			sourceTree = "<group>";
		};
		9691E6C225AF7328000CD02C /* TableView Cells */ = {
			isa = PBXGroup;
			children = (
				96ADA06625B0F5D5008BF50D /* IDXLabelTableViewCell.swift */,
				9691E6C325AF73C4000CD02C /* IDXTextTableViewCell.swift */,
				9691E6C725AF73D9000CD02C /* IDXToggleTableViewCell.swift */,
				9691E6CD25AF73F0000CD02C /* IDXButtonTableViewCell.swift */,
				9691E6D125AF740A000CD02C /* IDXOptionTableViewCell.swift */,
				96ADA06C25B111AA008BF50D /* IDXMessageTableViewCell.swift */,
				96F8B34825BB556500DAECDC /* IDXPickerTableViewCell.swift */,
				96E0A78C260500080002933C /* IDXSeparatorTableViewCell.swift */,
				96E0A790260505F30002933C /* IDXTitleTableViewCell.swift */,
				9669E16C2748343C00E3057D /* IDXImageTableViewCell.swift */,
			);
			path = "TableView Cells";
			sourceTree = "<group>";
		};
		96AA246D2656DD4D000649ED /* Extensions */ = {
			isa = PBXGroup;
			children = (
				96AA246E2656DD5A000649ED /* IDXClient+Extensions.swift */,
				964D59ED2657121000DDBCBB /* Notifications.swift */,
			);
			path = Extensions;
			sourceTree = "<group>";
		};
		96AA24812656E2AF000649ED /* Extensions */ = {
			isa = PBXGroup;
			children = (
				9652D9C925A9142600927FA5 /* UIView+Extensions.swift */,
				96AA24822656E2AF000649ED /* UIView+IBExtensions.swift */,
				96AA24832656E2AF000649ED /* CGRect+Extensions.swift */,
			);
			path = Extensions;
			sourceTree = "<group>";
		};
		96ADA05F25B0D15D008BF50D /* View Model */ = {
			isa = PBXGroup;
			children = (
				96ADA06025B0D173008BF50D /* FormRows.swift */,
			);
			path = "View Model";
			sourceTree = "<group>";
		};
		96E3368F26699ADB000E0B0F /* Scenario Configurations */ = {
			isa = PBXGroup;
			children = (
				96E339C5266A9B57000E0B0F /* Configuration.swift */,
				96E339B8266A9151000E0B0F /* PasscodeScenarioValidator.swift */,
				96F79494266AC67000D340CD /* SelfServiceRegistrationScenarioValidator.swift */,
				92638C9D2678DC3600C98CE5 /* SocialAuthScenarioValidator.swift */,
			);
			path = "Scenario Configurations";
			sourceTree = "<group>";
		};
		96E339E2266AAE3F000E0B0F /* Default Actions */ = {
			isa = PBXGroup;
			children = (
				96E339E3266AAE4C000E0B0F /* CreateUser.swift */,
				96E339EB266AAF7F000E0B0F /* DeleteUser.swift */,
				961B7139266D901400A3A4A2 /* ActivateDeactivatePolicy.swift */,
			);
			path = "Default Actions";
			sourceTree = "<group>";
		};
/* End PBXGroup section */

/* Begin PBXNativeTarget section */
		964F744E25A3E5F0003EE300 /* EmbeddedAuth */ = {
			isa = PBXNativeTarget;
			buildConfigurationList = 964F747925A3E5F3003EE300 /* Build configuration list for PBXNativeTarget "EmbeddedAuth" */;
			buildPhases = (
				96F8B32C25BB412500DAECDC /* ShellScript */,
				964F744B25A3E5F0003EE300 /* Sources */,
				964F744C25A3E5F0003EE300 /* Frameworks */,
				964F744D25A3E5F0003EE300 /* Resources */,
				964F748925A3E602003EE300 /* Embed Frameworks */,
			);
			buildRules = (
			);
			dependencies = (
			);
			name = EmbeddedAuth;
			packageProductDependencies = (
			);
			productName = EmbeddedAuth;
			productReference = 964F744F25A3E5F0003EE300 /* EmbeddedAuth.app */;
			productType = "com.apple.product-type.application";
		};
		964F746425A3E5F3003EE300 /* EmbeddedAuthTests */ = {
			isa = PBXNativeTarget;
			buildConfigurationList = 964F747C25A3E5F3003EE300 /* Build configuration list for PBXNativeTarget "EmbeddedAuthTests" */;
			buildPhases = (
				964F746125A3E5F3003EE300 /* Sources */,
				964F746225A3E5F3003EE300 /* Frameworks */,
				964F746325A3E5F3003EE300 /* Resources */,
			);
			buildRules = (
			);
			dependencies = (
				964F746725A3E5F3003EE300 /* PBXTargetDependency */,
			);
			name = EmbeddedAuthTests;
			productName = EmbeddedAuthTests;
			productReference = 964F746525A3E5F3003EE300 /* EmbeddedAuthTests.xctest */;
			productType = "com.apple.product-type.bundle.unit-test";
		};
		964F746F25A3E5F3003EE300 /* EmbeddedAuthUITests */ = {
			isa = PBXNativeTarget;
			buildConfigurationList = 964F747F25A3E5F3003EE300 /* Build configuration list for PBXNativeTarget "EmbeddedAuthUITests" */;
			buildPhases = (
				964F746C25A3E5F3003EE300 /* Sources */,
				964F746D25A3E5F3003EE300 /* Frameworks */,
				964F746E25A3E5F3003EE300 /* Resources */,
				9611F2CA2672CAE50013FAE1 /* CopyFiles */,
			);
			buildRules = (
			);
			dependencies = (
				964F747225A3E5F3003EE300 /* PBXTargetDependency */,
			);
			name = EmbeddedAuthUITests;
			productName = EmbeddedAuthUITests;
			productReference = 964F747025A3E5F3003EE300 /* EmbeddedAuthUITests.xctest */;
			productType = "com.apple.product-type.bundle.ui-testing";
		};
/* End PBXNativeTarget section */

/* Begin PBXProject section */
		964F744725A3E5F0003EE300 /* Project object */ = {
			isa = PBXProject;
			attributes = {
				LastSwiftUpdateCheck = 1220;
				LastUpgradeCheck = 1220;
				TargetAttributes = {
					964F744E25A3E5F0003EE300 = {
						CreatedOnToolsVersion = 12.2;
					};
					964F746425A3E5F3003EE300 = {
						CreatedOnToolsVersion = 12.2;
						TestTargetID = 964F744E25A3E5F0003EE300;
					};
					964F746F25A3E5F3003EE300 = {
						CreatedOnToolsVersion = 12.2;
						TestTargetID = 964F744E25A3E5F0003EE300;
					};
				};
			};
			buildConfigurationList = 964F744A25A3E5F0003EE300 /* Build configuration list for PBXProject "EmbeddedAuth" */;
			compatibilityVersion = "Xcode 9.3";
			developmentRegion = en;
			hasScannedForEncodings = 0;
			knownRegions = (
				en,
				Base,
			);
			mainGroup = 964F744625A3E5F0003EE300;
			packageReferences = (
			);
			productRefGroup = 964F745025A3E5F0003EE300 /* Products */;
			projectDirPath = "";
			projectRoot = "";
			targets = (
				964F744E25A3E5F0003EE300 /* EmbeddedAuth */,
				964F746425A3E5F3003EE300 /* EmbeddedAuthTests */,
				964F746F25A3E5F3003EE300 /* EmbeddedAuthUITests */,
			);
		};
/* End PBXProject section */

/* Begin PBXResourcesBuildPhase section */
		964F744D25A3E5F0003EE300 /* Resources */ = {
			isa = PBXResourcesBuildPhase;
			buildActionMask = 2147483647;
			files = (
				964D59FC26580E3300DDBCBB /* Okta.plist in Resources */,
				96576C7F25ACF64B00B02E3B /* IDXSignin.storyboard in Resources */,
				964F745F25A3E5F2003EE300 /* LaunchScreen.storyboard in Resources */,
				964F745C25A3E5F2003EE300 /* Assets.xcassets in Resources */,
				964F745A25A3E5F0003EE300 /* Main.storyboard in Resources */,
			);
			runOnlyForDeploymentPostprocessing = 0;
		};
		964F746325A3E5F3003EE300 /* Resources */ = {
			isa = PBXResourcesBuildPhase;
			buildActionMask = 2147483647;
			files = (
			);
			runOnlyForDeploymentPostprocessing = 0;
		};
		964F746E25A3E5F3003EE300 /* Resources */ = {
			isa = PBXResourcesBuildPhase;
			buildActionMask = 2147483647;
			files = (
			);
			runOnlyForDeploymentPostprocessing = 0;
		};
/* End PBXResourcesBuildPhase section */

/* Begin PBXShellScriptBuildPhase section */
		96F8B32C25BB412500DAECDC /* ShellScript */ = {
			isa = PBXShellScriptBuildPhase;
			buildActionMask = 2147483647;
			files = (
			);
			inputFileListPaths = (
			);
			inputPaths = (
				"$(SRCROOT)/../TestCredentials.xcconfig.example",
			);
			outputFileListPaths = (
			);
			outputPaths = (
				"$(SRCROOT)/../TestCredentials.xcconfig",
			);
			runOnlyForDeploymentPostprocessing = 0;
			shellPath = /bin/sh;
			shellScript = "if [[ ! -f \"$SRCROOT/../../TestCredentials.xcconfig\" ]]; then\n  cp \"$SRCROOT/../../TestCredentials.xcconfig.example\" \"$SRCROOT/../../TestCredentials.xcconfig\"\nfi\n";
		};
/* End PBXShellScriptBuildPhase section */

/* Begin PBXSourcesBuildPhase section */
		964F744B25A3E5F0003EE300 /* Sources */ = {
			isa = PBXSourcesBuildPhase;
			buildActionMask = 2147483647;
			files = (
				9652D9CA25A9142600927FA5 /* UIView+Extensions.swift in Sources */,
				9669E16D2748343C00E3057D /* IDXImageTableViewCell.swift in Sources */,
				964F745725A3E5F0003EE300 /* ClientConfigurationViewController.swift in Sources */,
				9691E6C825AF73D9000CD02C /* IDXToggleTableViewCell.swift in Sources */,
				96AA247C2656E2A6000649ED /* FooterView.swift in Sources */,
				96E0A78D260500080002933C /* IDXSeparatorTableViewCell.swift in Sources */,
				96E0A791260505F30002933C /* IDXTitleTableViewCell.swift in Sources */,
				96AA246F2656DD5A000649ED /* IDXClient+Extensions.swift in Sources */,
				9691E6CE25AF73F0000CD02C /* IDXButtonTableViewCell.swift in Sources */,
				96576C5025A91EEA00B02E3B /* IDXStartViewController.swift in Sources */,
				964D5A03265819A900DDBCBB /* ProfileTableViewController.swift in Sources */,
				96AA246A2656D29F000649ED /* UserManager.swift in Sources */,
				964F745325A3E5F0003EE300 /* AppDelegate.swift in Sources */,
				96ADA06725B0F5D5008BF50D /* IDXLabelTableViewCell.swift in Sources */,
				96ADA06125B0D173008BF50D /* FormRows.swift in Sources */,
				9691E6D225AF740A000CD02C /* IDXOptionTableViewCell.swift in Sources */,
				96AA247E2656E2A6000649ED /* SignInButton.swift in Sources */,
				96AA24842656E2AF000649ED /* UIView+IBExtensions.swift in Sources */,
				964F745525A3E5F0003EE300 /* SceneDelegate.swift in Sources */,
				9691E6BF25AF727A000CD02C /* IDXRemediationTableViewController.swift in Sources */,
				96576C6225ACC53200B02E3B /* IDXGetTokenViewController.swift in Sources */,
				9691E6C425AF73C4000CD02C /* IDXTextTableViewCell.swift in Sources */,
				96576C8725ACFC5900B02E3B /* TokenDetailViewController.swift in Sources */,
				96576C6F25ACDD8A00B02E3B /* IDXSigninController.swift in Sources */,
				96749AF825B8AC3B002849A0 /* ClientConfiguration.swift in Sources */,
				96ADA06D25B111AA008BF50D /* IDXMessageTableViewCell.swift in Sources */,
				96F8B34925BB556500DAECDC /* IDXPickerTableViewCell.swift in Sources */,
				96576C8325ACFBEC00B02E3B /* Signin.swift in Sources */,
				964D59EE2657121000DDBCBB /* Notifications.swift in Sources */,
				964D59F226580AA600DDBCBB /* SigninCoordinator.swift in Sources */,
				96AA248B2656E438000649ED /* LandingViewController.swift in Sources */,
				96AA24852656E2AF000649ED /* CGRect+Extensions.swift in Sources */,
			);
			runOnlyForDeploymentPostprocessing = 0;
		};
		964F746125A3E5F3003EE300 /* Sources */ = {
			isa = PBXSourcesBuildPhase;
			buildActionMask = 2147483647;
			files = (
				964F746A25A3E5F3003EE300 /* EmbeddedAuthTests.swift in Sources */,
			);
			runOnlyForDeploymentPostprocessing = 0;
		};
		964F746C25A3E5F3003EE300 /* Sources */ = {
			isa = PBXSourcesBuildPhase;
			buildActionMask = 2147483647;
			files = (
				920B9DC0266A867E00D38A8C /* PasscodeFormPage.swift in Sources */,
				92B559D226667A7D00AB566F /* ResetPasswordScenarioTests.swift in Sources */,
				923EF0262677B60E0020011A /* AuthorizationWebPage.swift in Sources */,
				9234CCEE2668D5E90033564D /* PhoneMFAScenarioTests.swift in Sources */,
				96F79495266AC67000D340CD /* SelfServiceRegistrationScenarioValidator.swift in Sources */,
				92B559C5266628D600AB566F /* SelfServiceRegistrationScenarioTests.swift in Sources */,
				96E339C6266A9B57000E0B0F /* Configuration.swift in Sources */,
				9209C14026725FD000CC1DD5 /* UserInfoPage.swift in Sources */,
				96749B0625B8EAAD002849A0 /* XCTest+Extensions.swift in Sources */,
				923EF0242677A39E0020011A /* SocialAuthTests.swift in Sources */,
				961B713A266D901400A3A4A2 /* ActivateDeactivatePolicy.swift in Sources */,
				920B9DCA266A887E00D38A8C /* FactorsEnrollmentPage.swift in Sources */,
				96E339B9266A9151000E0B0F /* PasscodeScenarioValidator.swift in Sources */,
				96F7949A266AC6F200D340CD /* ScenarioTestCase.swift in Sources */,
				96E339EC266AAF7F000E0B0F /* DeleteUser.swift in Sources */,
				96E339E4266AAE4C000E0B0F /* CreateUser.swift in Sources */,
				965A113326547EE9006B784F /* CodeReceiver.swift in Sources */,
				920B9DD4266A90B800D38A8C /* PhoneFormPage.swift in Sources */,
				928B7C72266A7F2D006DF45A /* SignInFormPage.swift in Sources */,
				920B9DCE266A8E0E00D38A8C /* RegistrationFormPage.swift in Sources */,
				928CF05E2670F53600DAAB4C /* AuthenticationScenarioTests.swift in Sources */,
				9234CCFB266A4D650033564D /* EmailMFALoginScenarioTests.swift in Sources */,
				92B559C826662AA300AB566F /* ResetTransactionScenarioTests.swift in Sources */,
				92638C9E2678DC3600C98CE5 /* SocialAuthScenarioValidator.swift in Sources */,
				920B9DB8266A861F00D38A8C /* UsernameRecoveryFormPage.swift in Sources */,
				96E339B4266A9136000E0B0F /* Scenario.swift in Sources */,
				965A112F26547EC1006B784F /* A18NProfile.swift in Sources */,
				922820F526650FAA00AC66E9 /* PasscodeScenarioTests.swift in Sources */,
				920B9DBC266A863600D38A8C /* RecoveryMethodPage.swift in Sources */,
				920B9DC6266A87C600D38A8C /* NewPasswordFormPage.swift in Sources */,
			);
			runOnlyForDeploymentPostprocessing = 0;
		};
/* End PBXSourcesBuildPhase section */

/* Begin PBXTargetDependency section */
		964F746725A3E5F3003EE300 /* PBXTargetDependency */ = {
			isa = PBXTargetDependency;
			target = 964F744E25A3E5F0003EE300 /* EmbeddedAuth */;
			targetProxy = 964F746625A3E5F3003EE300 /* PBXContainerItemProxy */;
		};
		964F747225A3E5F3003EE300 /* PBXTargetDependency */ = {
			isa = PBXTargetDependency;
			target = 964F744E25A3E5F0003EE300 /* EmbeddedAuth */;
			targetProxy = 964F747125A3E5F3003EE300 /* PBXContainerItemProxy */;
		};
/* End PBXTargetDependency section */

/* Begin PBXVariantGroup section */
		964F745825A3E5F0003EE300 /* Main.storyboard */ = {
			isa = PBXVariantGroup;
			children = (
				964F745925A3E5F0003EE300 /* Base */,
			);
			name = Main.storyboard;
			sourceTree = "<group>";
		};
		964F745D25A3E5F2003EE300 /* LaunchScreen.storyboard */ = {
			isa = PBXVariantGroup;
			children = (
				964F745E25A3E5F2003EE300 /* Base */,
			);
			name = LaunchScreen.storyboard;
			sourceTree = "<group>";
		};
/* End PBXVariantGroup section */

/* Begin XCBuildConfiguration section */
		964F747725A3E5F3003EE300 /* Debug */ = {
			isa = XCBuildConfiguration;
			buildSettings = {
				ALWAYS_SEARCH_USER_PATHS = NO;
				CLANG_ANALYZER_NONNULL = YES;
				CLANG_ANALYZER_NUMBER_OBJECT_CONVERSION = YES_AGGRESSIVE;
				CLANG_CXX_LANGUAGE_STANDARD = "gnu++14";
				CLANG_CXX_LIBRARY = "libc++";
				CLANG_ENABLE_MODULES = YES;
				CLANG_ENABLE_OBJC_ARC = YES;
				CLANG_ENABLE_OBJC_WEAK = YES;
				CLANG_WARN_BLOCK_CAPTURE_AUTORELEASING = YES;
				CLANG_WARN_BOOL_CONVERSION = YES;
				CLANG_WARN_COMMA = YES;
				CLANG_WARN_CONSTANT_CONVERSION = YES;
				CLANG_WARN_DEPRECATED_OBJC_IMPLEMENTATIONS = YES;
				CLANG_WARN_DIRECT_OBJC_ISA_USAGE = YES_ERROR;
				CLANG_WARN_DOCUMENTATION_COMMENTS = YES;
				CLANG_WARN_EMPTY_BODY = YES;
				CLANG_WARN_ENUM_CONVERSION = YES;
				CLANG_WARN_INFINITE_RECURSION = YES;
				CLANG_WARN_INT_CONVERSION = YES;
				CLANG_WARN_NON_LITERAL_NULL_CONVERSION = YES;
				CLANG_WARN_OBJC_IMPLICIT_RETAIN_SELF = YES;
				CLANG_WARN_OBJC_LITERAL_CONVERSION = YES;
				CLANG_WARN_OBJC_ROOT_CLASS = YES_ERROR;
				CLANG_WARN_QUOTED_INCLUDE_IN_FRAMEWORK_HEADER = YES;
				CLANG_WARN_RANGE_LOOP_ANALYSIS = YES;
				CLANG_WARN_STRICT_PROTOTYPES = YES;
				CLANG_WARN_SUSPICIOUS_MOVE = YES;
				CLANG_WARN_UNGUARDED_AVAILABILITY = YES_AGGRESSIVE;
				CLANG_WARN_UNREACHABLE_CODE = YES;
				CLANG_WARN__DUPLICATE_METHOD_MATCH = YES;
				COPY_PHASE_STRIP = NO;
				DEBUG_INFORMATION_FORMAT = dwarf;
				ENABLE_STRICT_OBJC_MSGSEND = YES;
				ENABLE_TESTABILITY = YES;
				GCC_C_LANGUAGE_STANDARD = gnu11;
				GCC_DYNAMIC_NO_PIC = NO;
				GCC_NO_COMMON_BLOCKS = YES;
				GCC_OPTIMIZATION_LEVEL = 0;
				GCC_PREPROCESSOR_DEFINITIONS = (
					"DEBUG=1",
					"$(inherited)",
				);
				GCC_WARN_64_TO_32_BIT_CONVERSION = YES;
				GCC_WARN_ABOUT_RETURN_TYPE = YES_ERROR;
				GCC_WARN_UNDECLARED_SELECTOR = YES;
				GCC_WARN_UNINITIALIZED_AUTOS = YES_AGGRESSIVE;
				GCC_WARN_UNUSED_FUNCTION = YES;
				GCC_WARN_UNUSED_VARIABLE = YES;
				IPHONEOS_DEPLOYMENT_TARGET = 14.2;
				MTL_ENABLE_DEBUG_INFO = INCLUDE_SOURCE;
				MTL_FAST_MATH = YES;
				ONLY_ACTIVE_ARCH = YES;
				SDKROOT = iphoneos;
				SWIFT_ACTIVE_COMPILATION_CONDITIONS = DEBUG;
				SWIFT_OPTIMIZATION_LEVEL = "-Onone";
			};
			name = Debug;
		};
		964F747825A3E5F3003EE300 /* Release */ = {
			isa = XCBuildConfiguration;
			buildSettings = {
				ALWAYS_SEARCH_USER_PATHS = NO;
				CLANG_ANALYZER_NONNULL = YES;
				CLANG_ANALYZER_NUMBER_OBJECT_CONVERSION = YES_AGGRESSIVE;
				CLANG_CXX_LANGUAGE_STANDARD = "gnu++14";
				CLANG_CXX_LIBRARY = "libc++";
				CLANG_ENABLE_MODULES = YES;
				CLANG_ENABLE_OBJC_ARC = YES;
				CLANG_ENABLE_OBJC_WEAK = YES;
				CLANG_WARN_BLOCK_CAPTURE_AUTORELEASING = YES;
				CLANG_WARN_BOOL_CONVERSION = YES;
				CLANG_WARN_COMMA = YES;
				CLANG_WARN_CONSTANT_CONVERSION = YES;
				CLANG_WARN_DEPRECATED_OBJC_IMPLEMENTATIONS = YES;
				CLANG_WARN_DIRECT_OBJC_ISA_USAGE = YES_ERROR;
				CLANG_WARN_DOCUMENTATION_COMMENTS = YES;
				CLANG_WARN_EMPTY_BODY = YES;
				CLANG_WARN_ENUM_CONVERSION = YES;
				CLANG_WARN_INFINITE_RECURSION = YES;
				CLANG_WARN_INT_CONVERSION = YES;
				CLANG_WARN_NON_LITERAL_NULL_CONVERSION = YES;
				CLANG_WARN_OBJC_IMPLICIT_RETAIN_SELF = YES;
				CLANG_WARN_OBJC_LITERAL_CONVERSION = YES;
				CLANG_WARN_OBJC_ROOT_CLASS = YES_ERROR;
				CLANG_WARN_QUOTED_INCLUDE_IN_FRAMEWORK_HEADER = YES;
				CLANG_WARN_RANGE_LOOP_ANALYSIS = YES;
				CLANG_WARN_STRICT_PROTOTYPES = YES;
				CLANG_WARN_SUSPICIOUS_MOVE = YES;
				CLANG_WARN_UNGUARDED_AVAILABILITY = YES_AGGRESSIVE;
				CLANG_WARN_UNREACHABLE_CODE = YES;
				CLANG_WARN__DUPLICATE_METHOD_MATCH = YES;
				COPY_PHASE_STRIP = NO;
				DEBUG_INFORMATION_FORMAT = "dwarf-with-dsym";
				ENABLE_NS_ASSERTIONS = NO;
				ENABLE_STRICT_OBJC_MSGSEND = YES;
				GCC_C_LANGUAGE_STANDARD = gnu11;
				GCC_NO_COMMON_BLOCKS = YES;
				GCC_WARN_64_TO_32_BIT_CONVERSION = YES;
				GCC_WARN_ABOUT_RETURN_TYPE = YES_ERROR;
				GCC_WARN_UNDECLARED_SELECTOR = YES;
				GCC_WARN_UNINITIALIZED_AUTOS = YES_AGGRESSIVE;
				GCC_WARN_UNUSED_FUNCTION = YES;
				GCC_WARN_UNUSED_VARIABLE = YES;
				IPHONEOS_DEPLOYMENT_TARGET = 14.2;
				MTL_ENABLE_DEBUG_INFO = NO;
				MTL_FAST_MATH = YES;
				SDKROOT = iphoneos;
				SWIFT_COMPILATION_MODE = wholemodule;
				SWIFT_OPTIMIZATION_LEVEL = "-O";
				VALIDATE_PRODUCT = YES;
			};
			name = Release;
		};
		964F747A25A3E5F3003EE300 /* Debug */ = {
			isa = XCBuildConfiguration;
			buildSettings = {
				ASSETCATALOG_COMPILER_APPICON_NAME = AppIcon;
				ASSETCATALOG_COMPILER_GLOBAL_ACCENT_COLOR_NAME = AccentColor;
				CODE_SIGN_STYLE = Automatic;
				DEVELOPMENT_TEAM = UW6GDZ98ND;
				INFOPLIST_FILE = EmbeddedAuth/Info.plist;
				LD_RUNPATH_SEARCH_PATHS = (
					"$(inherited)",
					"@executable_path/Frameworks",
				);
				PRODUCT_BUNDLE_IDENTIFIER = com.okta.EmbeddedAuth;
				PRODUCT_NAME = "$(TARGET_NAME)";
				SWIFT_VERSION = 5.0;
				TARGETED_DEVICE_FAMILY = "1,2";
			};
			name = Debug;
		};
		964F747B25A3E5F3003EE300 /* Release */ = {
			isa = XCBuildConfiguration;
			buildSettings = {
				ASSETCATALOG_COMPILER_APPICON_NAME = AppIcon;
				ASSETCATALOG_COMPILER_GLOBAL_ACCENT_COLOR_NAME = AccentColor;
				CODE_SIGN_STYLE = Automatic;
				DEVELOPMENT_TEAM = UW6GDZ98ND;
				INFOPLIST_FILE = EmbeddedAuth/Info.plist;
				LD_RUNPATH_SEARCH_PATHS = (
					"$(inherited)",
					"@executable_path/Frameworks",
				);
				PRODUCT_BUNDLE_IDENTIFIER = com.okta.EmbeddedAuth;
				PRODUCT_NAME = "$(TARGET_NAME)";
				SWIFT_VERSION = 5.0;
				TARGETED_DEVICE_FAMILY = "1,2";
			};
			name = Release;
		};
		964F747D25A3E5F3003EE300 /* Debug */ = {
			isa = XCBuildConfiguration;
			buildSettings = {
				ALWAYS_EMBED_SWIFT_STANDARD_LIBRARIES = YES;
				BUNDLE_LOADER = "$(TEST_HOST)";
				CODE_SIGN_STYLE = Automatic;
				INFOPLIST_FILE = EmbeddedAuthTests/Info.plist;
				IPHONEOS_DEPLOYMENT_TARGET = 14.2;
				LD_RUNPATH_SEARCH_PATHS = (
					"$(inherited)",
					"@executable_path/Frameworks",
					"@loader_path/Frameworks",
				);
				PRODUCT_BUNDLE_IDENTIFIER = com.okta.EmbeddedAuthTests;
				PRODUCT_NAME = "$(TARGET_NAME)";
				SWIFT_VERSION = 5.0;
				TARGETED_DEVICE_FAMILY = "1,2";
				TEST_HOST = "$(BUILT_PRODUCTS_DIR)/EmbeddedAuth.app/EmbeddedAuth";
			};
			name = Debug;
		};
		964F747E25A3E5F3003EE300 /* Release */ = {
			isa = XCBuildConfiguration;
			buildSettings = {
				ALWAYS_EMBED_SWIFT_STANDARD_LIBRARIES = YES;
				BUNDLE_LOADER = "$(TEST_HOST)";
				CODE_SIGN_STYLE = Automatic;
				INFOPLIST_FILE = EmbeddedAuthTests/Info.plist;
				IPHONEOS_DEPLOYMENT_TARGET = 14.2;
				LD_RUNPATH_SEARCH_PATHS = (
					"$(inherited)",
					"@executable_path/Frameworks",
					"@loader_path/Frameworks",
				);
				PRODUCT_BUNDLE_IDENTIFIER = com.okta.EmbeddedAuthTests;
				PRODUCT_NAME = "$(TARGET_NAME)";
				SWIFT_VERSION = 5.0;
				TARGETED_DEVICE_FAMILY = "1,2";
				TEST_HOST = "$(BUILT_PRODUCTS_DIR)/EmbeddedAuth.app/EmbeddedAuth";
			};
			name = Release;
		};
		964F748025A3E5F3003EE300 /* Debug */ = {
			isa = XCBuildConfiguration;
			baseConfigurationReference = 96C51E7E25BA578F007A2519 /* TestCredentials.xcconfig */;
			buildSettings = {
				ALWAYS_EMBED_SWIFT_STANDARD_LIBRARIES = YES;
				CODE_SIGN_STYLE = Automatic;
				FRAMEWORK_SEARCH_PATHS = (
					"$(inherited)",
					"$(PROJECT_DIR)/EmbeddedAuthUITests/ExternalDependencies",
				);
				INFOPLIST_FILE = EmbeddedAuthUITests/Info.plist;
				LD_RUNPATH_SEARCH_PATHS = (
					"$(inherited)",
					"@executable_path/Frameworks",
					"@loader_path/Frameworks",
				);
				PRODUCT_BUNDLE_IDENTIFIER = com.okta.EmbeddedAuthUITests;
				PRODUCT_NAME = "$(TARGET_NAME)";
				SWIFT_VERSION = 5.0;
				TARGETED_DEVICE_FAMILY = "1,2";
				TEST_TARGET_NAME = EmbeddedAuth;
			};
			name = Debug;
		};
		964F748125A3E5F3003EE300 /* Release */ = {
			isa = XCBuildConfiguration;
			baseConfigurationReference = 96C51E7E25BA578F007A2519 /* TestCredentials.xcconfig */;
			buildSettings = {
				ALWAYS_EMBED_SWIFT_STANDARD_LIBRARIES = YES;
				CODE_SIGN_STYLE = Automatic;
				FRAMEWORK_SEARCH_PATHS = (
					"$(inherited)",
					"$(PROJECT_DIR)/EmbeddedAuthUITests/ExternalDependencies",
				);
				INFOPLIST_FILE = EmbeddedAuthUITests/Info.plist;
				LD_RUNPATH_SEARCH_PATHS = (
					"$(inherited)",
					"@executable_path/Frameworks",
					"@loader_path/Frameworks",
				);
				PRODUCT_BUNDLE_IDENTIFIER = com.okta.EmbeddedAuthUITests;
				PRODUCT_NAME = "$(TARGET_NAME)";
				SWIFT_VERSION = 5.0;
				TARGETED_DEVICE_FAMILY = "1,2";
				TEST_TARGET_NAME = EmbeddedAuth;
			};
			name = Release;
		};
/* End XCBuildConfiguration section */

/* Begin XCConfigurationList section */
		964F744A25A3E5F0003EE300 /* Build configuration list for PBXProject "EmbeddedAuth" */ = {
			isa = XCConfigurationList;
			buildConfigurations = (
				964F747725A3E5F3003EE300 /* Debug */,
				964F747825A3E5F3003EE300 /* Release */,
			);
			defaultConfigurationIsVisible = 0;
			defaultConfigurationName = Release;
		};
		964F747925A3E5F3003EE300 /* Build configuration list for PBXNativeTarget "EmbeddedAuth" */ = {
			isa = XCConfigurationList;
			buildConfigurations = (
				964F747A25A3E5F3003EE300 /* Debug */,
				964F747B25A3E5F3003EE300 /* Release */,
			);
			defaultConfigurationIsVisible = 0;
			defaultConfigurationName = Release;
		};
		964F747C25A3E5F3003EE300 /* Build configuration list for PBXNativeTarget "EmbeddedAuthTests" */ = {
			isa = XCConfigurationList;
			buildConfigurations = (
				964F747D25A3E5F3003EE300 /* Debug */,
				964F747E25A3E5F3003EE300 /* Release */,
			);
			defaultConfigurationIsVisible = 0;
			defaultConfigurationName = Release;
		};
		964F747F25A3E5F3003EE300 /* Build configuration list for PBXNativeTarget "EmbeddedAuthUITests" */ = {
			isa = XCConfigurationList;
			buildConfigurations = (
				964F748025A3E5F3003EE300 /* Debug */,
				964F748125A3E5F3003EE300 /* Release */,
			);
			defaultConfigurationIsVisible = 0;
			defaultConfigurationName = Release;
		};
/* End XCConfigurationList section */
	};
	rootObject = 964F744725A3E5F0003EE300 /* Project object */;
}
